// !$*UTF8*$!
{
	archiveVersion = 1;
	classes = {
	};
	objectVersion = 56;
	objects = {

/* Begin PBXBuildFile section */
		18C93C69C717BE42F314D4B1 /* PrivacyPolicyView.swift in Sources */ = {isa = PBXBuildFile; fileRef = 4210E055649FE550A178E211 /* PrivacyPolicyView.swift */; };
		9122A731B4202D13CB528ADC /* TermsOfServiceView.swift in Sources */ = {isa = PBXBuildFile; fileRef = 119BCB7C76A3A13ECAA1ECFC /* TermsOfServiceView.swift */; };
		A1000001294A0000000000001 /* PoopDropApp.swift in Sources */ = {isa = PBXBuildFile; fileRef = A1000002294A0000000000001 /* PoopDropApp.swift */; };
		A1000002294A0000000000003 /* AppDelegate.swift in Sources */ = {isa = PBXBuildFile; fileRef = A1000003294A0000000000003 /* AppDelegate.swift */; };
		A1000003294A0000000000001 /* ContentView.swift in Sources */ = {isa = PBXBuildFile; fileRef = A1000004294A0000000000001 /* ContentView.swift */; };
		A1000005294A0000000000001 /* Assets.xcassets in Resources */ = {isa = PBXBuildFile; fileRef = A1000006294A0000000000001 /* Assets.xcassets */; };
		A1000007294A0000000000001 /* Preview Assets.xcassets in Resources */ = {isa = PBXBuildFile; fileRef = A1000008294A0000000000001 /* Preview Assets.xcassets */; };
		A1000009294A0000000000001 /* User.swift in Sources */ = {isa = PBXBuildFile; fileRef = A100000A294A0000000000001 /* User.swift */; };
		A100000F294A0000000000001 /* AuthenticationManager.swift in Sources */ = {isa = PBXBuildFile; fileRef = A1000010294A0000000000001 /* AuthenticationManager.swift */; };
		A1000017294A0000000000001 /* MainTabView.swift in Sources */ = {isa = PBXBuildFile; fileRef = A1000018294A0000000000001 /* MainTabView.swift */; };
		A1000021294A0000000000001 /* ProfileView.swift in Sources */ = {isa = PBXBuildFile; fileRef = A1000022294A0000000000001 /* ProfileView.swift */; };
		A1000029294A0000000000001 /* AuthenticationView.swift in Sources */ = {isa = PBXBuildFile; fileRef = A100002A294A0000000000001 /* AuthenticationView.swift */; };
		A100002B294A0000000000001 /* OnboardingView.swift in Sources */ = {isa = PBXBuildFile; fileRef = A100002C294A0000000000001 /* OnboardingView.swift */; };
		A1000049294A0000000000002 /* ProfileSetupView.swift in Sources */ = {isa = PBXBuildFile; fileRef = A100004A294A0000000000002 /* ProfileSetupView.swift */; };
		D9AC1536EA6A48F4FEAFB2CE /* ContactView.swift in Sources */ = {isa = PBXBuildFile; fileRef = 27F25651DCDE162B6C18444A /* ContactView.swift */; };
		NEW00005000000000000001 /* SupabaseManager.swift in Sources */ = {isa = PBXBuildFile; fileRef = NEW00006000000000000001 /* SupabaseManager.swift */; };
		VIRAL0050000000000000001 /* PushNotificationService.swift in Sources */ = {isa = PBXBuildFile; fileRef = VIRAL0060000000000000001 /* PushNotificationService.swift */; };
		BRIEF0010000000000000001 /* Briefing.swift in Sources */ = {isa = PBXBuildFile; fileRef = BRIEF0020000000000000001 /* Briefing.swift */; };
		STORY0010000000000000001 /* Story.swift in Sources */ = {isa = PBXBuildFile; fileRef = STORY0020000000000000001 /* Story.swift */; };
		BVIEW0010000000000000001 /* BriefingView.swift in Sources */ = {isa = PBXBuildFile; fileRef = BVIEW0020000000000000001 /* BriefingView.swift */; };
		SCVEW0010000000000000001 /* StoryCardView.swift in Sources */ = {isa = PBXBuildFile; fileRef = SCVEW0020000000000000001 /* StoryCardView.swift */; };
		AVIEW0010000000000000001 /* ArchiveView.swift in Sources */ = {isa = PBXBuildFile; fileRef = AVIEW0020000000000000001 /* ArchiveView.swift */; };
		RSESS0010000000000000001 /* ReaderSession.swift in Sources */ = {isa = PBXBuildFile; fileRef = RSESS0020000000000000001 /* ReaderSession.swift */; };
		GLOBE0010000000000000001 /* LiveGlobeView.swift in Sources */ = {isa = PBXBuildFile; fileRef = GLOBE0020000000000000001 /* LiveGlobeView.swift */; };
		AUDIO0010000000000000001 /* AudioBriefingManager.swift in Sources */ = {isa = PBXBuildFile; fileRef = AUDIO0020000000000000001 /* AudioBriefingManager.swift */; };
		SHARE0010000000000000001 /* ShareCardView.swift in Sources */ = {isa = PBXBuildFile; fileRef = SHARE0020000000000000001 /* ShareCardView.swift */; };
		SWIPE0010000000000000001 /* SwipeReadingView.swift in Sources */ = {isa = PBXBuildFile; fileRef = SWIPE0020000000000000001 /* SwipeReadingView.swift */; };
		THEME0010000000000000001 /* Theme.swift in Sources */ = {isa = PBXBuildFile; fileRef = THEME0020000000000000001 /* Theme.swift */; };
		RCAT0010000000000000001 /* SubscriptionManager.swift in Sources */ = {isa = PBXBuildFile; fileRef = RCAT0020000000000000001 /* SubscriptionManager.swift */; };
		SPM00003000000000000001 /* Supabase in Frameworks */ = {isa = PBXBuildFile; productRef = SPM00002000000000000001 /* Supabase */; };
		RCAT0030000000000000001 /* RevenueCat in Frameworks */ = {isa = PBXBuildFile; productRef = RCAT0040000000000000001 /* RevenueCat */; };
		WDCRD0010000000000000001 /* WordDropCardView.swift in Sources */ = {isa = PBXBuildFile; fileRef = WDCRD0020000000000000001 /* WordDropCardView.swift */; };
		WDGAM0010000000000000001 /* WordDropGameView.swift in Sources */ = {isa = PBXBuildFile; fileRef = WDGAM0020000000000000001 /* WordDropGameView.swift */; };
		WDRST0010000000000000001 /* WordDropResultView.swift in Sources */ = {isa = PBXBuildFile; fileRef = WDRST0020000000000000001 /* WordDropResultView.swift */; };
		WDLDR0010000000000000001 /* WordDropLeaderboardView.swift in Sources */ = {isa = PBXBuildFile; fileRef = WDLDR0020000000000000001 /* WordDropLeaderboardView.swift */; };
		WDSHR0010000000000000001 /* WordDropShareCardView.swift in Sources */ = {isa = PBXBuildFile; fileRef = WDSHR0020000000000000001 /* WordDropShareCardView.swift */; };
		WDLTL0010000000000000001 /* LetterTileView.swift in Sources */ = {isa = PBXBuildFile; fileRef = WDLTL0020000000000000001 /* LetterTileView.swift */; };
		WDMGR0010000000000000001 /* WordDropManager.swift in Sources */ = {isa = PBXBuildFile; fileRef = WDMGR0020000000000000001 /* WordDropManager.swift */; };
		WDMDL0010000000000000001 /* WordGame.swift in Sources */ = {isa = PBXBuildFile; fileRef = WDMDL0020000000000000001 /* WordGame.swift */; };
/* End PBXBuildFile section */

/* Begin PBXFileReference section */
		119BCB7C76A3A13ECAA1ECFC /* TermsOfServiceView.swift */ = {isa = PBXFileReference; lastKnownFileType = sourcecode.swift; path = TermsOfServiceView.swift; sourceTree = "<group>"; };
		27F25651DCDE162B6C18444A /* ContactView.swift */ = {isa = PBXFileReference; lastKnownFileType = sourcecode.swift; path = ContactView.swift; sourceTree = "<group>"; };
		4210E055649FE550A178E211 /* PrivacyPolicyView.swift */ = {isa = PBXFileReference; lastKnownFileType = sourcecode.swift; path = PrivacyPolicyView.swift; sourceTree = "<group>"; };
		A1000001294A0000000000000 /* TheDailyPoop.app */ = {isa = PBXFileReference; explicitFileType = wrapper.application; includeInIndex = 0; path = TheDailyPoop.app; sourceTree = BUILT_PRODUCTS_DIR; };
		A1000002294A0000000000001 /* PoopDropApp.swift */ = {isa = PBXFileReference; lastKnownFileType = sourcecode.swift; path = PoopDropApp.swift; sourceTree = "<group>"; };
		A1000003294A0000000000003 /* AppDelegate.swift */ = {isa = PBXFileReference; lastKnownFileType = sourcecode.swift; path = AppDelegate.swift; sourceTree = "<group>"; };
		A1000004294A0000000000001 /* ContentView.swift */ = {isa = PBXFileReference; lastKnownFileType = sourcecode.swift; path = ContentView.swift; sourceTree = "<group>"; };
		A1000006294A0000000000001 /* Assets.xcassets */ = {isa = PBXFileReference; lastKnownFileType = folder.assetcatalog; path = Assets.xcassets; sourceTree = "<group>"; };
		A1000008294A0000000000001 /* Preview Assets.xcassets */ = {isa = PBXFileReference; lastKnownFileType = folder.assetcatalog; path = "Preview Assets.xcassets"; sourceTree = "<group>"; };
		A100000A294A0000000000001 /* User.swift */ = {isa = PBXFileReference; lastKnownFileType = sourcecode.swift; path = User.swift; sourceTree = "<group>"; };
		A1000010294A0000000000001 /* AuthenticationManager.swift */ = {isa = PBXFileReference; lastKnownFileType = sourcecode.swift; path = AuthenticationManager.swift; sourceTree = "<group>"; };
		A1000018294A0000000000001 /* MainTabView.swift */ = {isa = PBXFileReference; lastKnownFileType = sourcecode.swift; path = MainTabView.swift; sourceTree = "<group>"; };
		A1000022294A0000000000001 /* ProfileView.swift */ = {isa = PBXFileReference; lastKnownFileType = sourcecode.swift; path = ProfileView.swift; sourceTree = "<group>"; };
		A100002A294A0000000000001 /* AuthenticationView.swift */ = {isa = PBXFileReference; lastKnownFileType = sourcecode.swift; path = AuthenticationView.swift; sourceTree = "<group>"; };
		A100002C294A0000000000001 /* OnboardingView.swift */ = {isa = PBXFileReference; lastKnownFileType = sourcecode.swift; path = OnboardingView.swift; sourceTree = "<group>"; };
		A100002D294A0000000000001 /* Info.plist */ = {isa = PBXFileReference; lastKnownFileType = text.plist.xml; path = Info.plist; sourceTree = "<group>"; };
		A100002E294A0000000000001 /* PoopDrop.entitlements */ = {isa = PBXFileReference; lastKnownFileType = text.plist.entitlements; path = PoopDrop.entitlements; sourceTree = "<group>"; };
		A100004A294A0000000000002 /* ProfileSetupView.swift */ = {isa = PBXFileReference; lastKnownFileType = sourcecode.swift; path = ProfileSetupView.swift; sourceTree = "<group>"; };
		NEW00006000000000000001 /* SupabaseManager.swift */ = {isa = PBXFileReference; lastKnownFileType = sourcecode.swift; path = SupabaseManager.swift; sourceTree = "<group>"; };
		VIRAL0060000000000000001 /* PushNotificationService.swift */ = {isa = PBXFileReference; lastKnownFileType = sourcecode.swift; path = PushNotificationService.swift; sourceTree = "<group>"; };
		BRIEF0020000000000000001 /* Briefing.swift */ = {isa = PBXFileReference; lastKnownFileType = sourcecode.swift; path = Briefing.swift; sourceTree = "<group>"; };
		STORY0020000000000000001 /* Story.swift */ = {isa = PBXFileReference; lastKnownFileType = sourcecode.swift; path = Story.swift; sourceTree = "<group>"; };
		BVIEW0020000000000000001 /* BriefingView.swift */ = {isa = PBXFileReference; lastKnownFileType = sourcecode.swift; path = BriefingView.swift; sourceTree = "<group>"; };
		SCVEW0020000000000000001 /* StoryCardView.swift */ = {isa = PBXFileReference; lastKnownFileType = sourcecode.swift; path = StoryCardView.swift; sourceTree = "<group>"; };
		AVIEW0020000000000000001 /* ArchiveView.swift */ = {isa = PBXFileReference; lastKnownFileType = sourcecode.swift; path = ArchiveView.swift; sourceTree = "<group>"; };
		RSESS0020000000000000001 /* ReaderSession.swift */ = {isa = PBXFileReference; lastKnownFileType = sourcecode.swift; path = ReaderSession.swift; sourceTree = "<group>"; };
		GLOBE0020000000000000001 /* LiveGlobeView.swift */ = {isa = PBXFileReference; lastKnownFileType = sourcecode.swift; path = LiveGlobeView.swift; sourceTree = "<group>"; };
		AUDIO0020000000000000001 /* AudioBriefingManager.swift */ = {isa = PBXFileReference; lastKnownFileType = sourcecode.swift; path = AudioBriefingManager.swift; sourceTree = "<group>"; };
		SHARE0020000000000000001 /* ShareCardView.swift */ = {isa = PBXFileReference; lastKnownFileType = sourcecode.swift; path = ShareCardView.swift; sourceTree = "<group>"; };
		SWIPE0020000000000000001 /* SwipeReadingView.swift */ = {isa = PBXFileReference; lastKnownFileType = sourcecode.swift; path = SwipeReadingView.swift; sourceTree = "<group>"; };
		THEME0020000000000000001 /* Theme.swift */ = {isa = PBXFileReference; lastKnownFileType = sourcecode.swift; path = Theme.swift; sourceTree = "<group>"; };
		RCAT0020000000000000001 /* SubscriptionManager.swift */ = {isa = PBXFileReference; lastKnownFileType = sourcecode.swift; path = SubscriptionManager.swift; sourceTree = "<group>"; };
		WDCRD0020000000000000001 /* WordDropCardView.swift */ = {isa = PBXFileReference; lastKnownFileType = sourcecode.swift; path = WordDropCardView.swift; sourceTree = "<group>"; };
		WDGAM0020000000000000001 /* WordDropGameView.swift */ = {isa = PBXFileReference; lastKnownFileType = sourcecode.swift; path = WordDropGameView.swift; sourceTree = "<group>"; };
		WDRST0020000000000000001 /* WordDropResultView.swift */ = {isa = PBXFileReference; lastKnownFileType = sourcecode.swift; path = WordDropResultView.swift; sourceTree = "<group>"; };
		WDLDR0020000000000000001 /* WordDropLeaderboardView.swift */ = {isa = PBXFileReference; lastKnownFileType = sourcecode.swift; path = WordDropLeaderboardView.swift; sourceTree = "<group>"; };
		WDSHR0020000000000000001 /* WordDropShareCardView.swift */ = {isa = PBXFileReference; lastKnownFileType = sourcecode.swift; path = WordDropShareCardView.swift; sourceTree = "<group>"; };
		WDLTL0020000000000000001 /* LetterTileView.swift */ = {isa = PBXFileReference; lastKnownFileType = sourcecode.swift; path = LetterTileView.swift; sourceTree = "<group>"; };
		WDMGR0020000000000000001 /* WordDropManager.swift */ = {isa = PBXFileReference; lastKnownFileType = sourcecode.swift; path = WordDropManager.swift; sourceTree = "<group>"; };
		WDMDL0020000000000000001 /* WordGame.swift */ = {isa = PBXFileReference; lastKnownFileType = sourcecode.swift; path = WordGame.swift; sourceTree = "<group>"; };
/* End PBXFileReference section */

/* Begin PBXFrameworksBuildPhase section */
		A0FFFFFF294A0000000000999 /* Frameworks */ = {
			isa = PBXFrameworksBuildPhase;
			buildActionMask = 2147483647;
			files = (
				SPM00003000000000000001 /* Supabase in Frameworks */,
				RCAT0030000000000000001 /* RevenueCat in Frameworks */,
			);
			runOnlyForDeploymentPostprocessing = 0;
		};
/* End PBXFrameworksBuildPhase section */

/* Begin PBXGroup section */
		A0FFFFFF294A0000000000888 = {
			isa = PBXGroup;
			children = (
				A1000003294A0000000000888 /* PoopDrop */,
				A1000002294A0000000000888 /* Products */,
			);
			sourceTree = "<group>";
		};
		A1000002294A0000000000888 /* Products */ = {
			isa = PBXGroup;
			children = (
				A1000001294A0000000000000 /* TheDailyPoop.app */,
			);
			name = Products;
			sourceTree = "<group>";
		};
		A1000003294A0000000000888 /* PoopDrop */ = {
			isa = PBXGroup;
			children = (
				A1000002294A0000000000001 /* PoopDropApp.swift */,
				A1000003294A0000000000003 /* AppDelegate.swift */,
				A1000004294A0000000000001 /* ContentView.swift */,
				THEME0020000000000000001 /* Theme.swift */,
				A100002D294A0000000000001 /* Info.plist */,
				A100002E294A0000000000001 /* PoopDrop.entitlements */,
				A1000030294A0000000000888 /* Models */,
				A1000031294A0000000000888 /* Managers */,
				A1000032294A0000000000888 /* Views */,
				A1000033294A0000000000888 /* Extensions */,
				A1000006294A0000000000001 /* Assets.xcassets */,
				A1000009294A0000000000888 /* Preview Content */,
			);
			path = PoopDrop;
			sourceTree = "<group>";
		};
		A1000009294A0000000000888 /* Preview Content */ = {
			isa = PBXGroup;
			children = (
				A1000008294A0000000000001 /* Preview Assets.xcassets */,
			);
			path = "Preview Content";
			sourceTree = "<group>";
		};
		A1000030294A0000000000888 /* Models */ = {
			isa = PBXGroup;
			children = (
				A100000A294A0000000000001 /* User.swift */,
				BRIEF0020000000000000001 /* Briefing.swift */,
				STORY0020000000000000001 /* Story.swift */,
				RSESS0020000000000000001 /* ReaderSession.swift */,
				WDMDL0020000000000000001 /* WordGame.swift */,
			);
			path = Models;
			sourceTree = "<group>";
		};
		A1000031294A0000000000888 /* Managers */ = {
			isa = PBXGroup;
			children = (
				A1000010294A0000000000001 /* AuthenticationManager.swift */,
				NEW00006000000000000001 /* SupabaseManager.swift */,
				VIRAL0060000000000000001 /* PushNotificationService.swift */,
				AUDIO0020000000000000001 /* AudioBriefingManager.swift */,
				RCAT0020000000000000001 /* SubscriptionManager.swift */,
				WDMGR0020000000000000001 /* WordDropManager.swift */,
			);
			path = Managers;
			sourceTree = "<group>";
		};
		A1000032294A0000000000888 /* Views */ = {
			isa = PBXGroup;
			children = (
				A1000018294A0000000000001 /* MainTabView.swift */,
				BVIEW0020000000000000001 /* BriefingView.swift */,
				SCVEW0020000000000000001 /* StoryCardView.swift */,
				AVIEW0020000000000000001 /* ArchiveView.swift */,
				GLOBE0020000000000000001 /* LiveGlobeView.swift */,
				A1000022294A0000000000001 /* ProfileView.swift */,
				A100002A294A0000000000001 /* AuthenticationView.swift */,
				A100002C294A0000000000001 /* OnboardingView.swift */,
				A100004A294A0000000000002 /* ProfileSetupView.swift */,
				27F25651DCDE162B6C18444A /* ContactView.swift */,
				119BCB7C76A3A13ECAA1ECFC /* TermsOfServiceView.swift */,
				4210E055649FE550A178E211 /* PrivacyPolicyView.swift */,
				SHARE0020000000000000001 /* ShareCardView.swift */,
				SWIPE0020000000000000001 /* SwipeReadingView.swift */,
				WDGRP0010000000000000001 /* WordDrop */,
			);
			path = Views;
			sourceTree = "<group>";
		};
		A1000033294A0000000000888 /* Extensions */ = {
			isa = PBXGroup;
			children = (
			);
			path = Extensions;
			sourceTree = "<group>";
		};
		WDGRP0010000000000000001 /* WordDrop */ = {
			isa = PBXGroup;
			children = (
				WDCRD0020000000000000001 /* WordDropCardView.swift */,
				WDGAM0020000000000000001 /* WordDropGameView.swift */,
				WDRST0020000000000000001 /* WordDropResultView.swift */,
				WDLDR0020000000000000001 /* WordDropLeaderboardView.swift */,
				WDSHR0020000000000000001 /* WordDropShareCardView.swift */,
				WDLTL0020000000000000001 /* LetterTileView.swift */,
			);
			path = WordDrop;
			sourceTree = "<group>";
		};
/* End PBXGroup section */

/* Begin PBXNativeTarget section */
		A1000000294A0000000000000 /* PoopDrop */ = {
			isa = PBXNativeTarget;
			buildConfigurationList = A1000002294A0000000000777 /* Build configuration list for PBXNativeTarget "PoopDrop" */;
			buildPhases = (
				A0FFFFFF294A0000000000998 /* Sources */,
				A0FFFFFF294A0000000000999 /* Frameworks */,
				A1000001294A0000000000777 /* Resources */,
			);
			buildRules = (
			);
			dependencies = (
			);
			name = PoopDrop;
			packageProductDependencies = (
				SPM00002000000000000001 /* Supabase */,
				RCAT0040000000000000001 /* RevenueCat */,
			);
			productName = PoopDrop;
			productReference = A1000001294A0000000000000 /* TheDailyPoop.app */;
			productType = "com.apple.product-type.application";
		};
/* End PBXNativeTarget section */

/* Begin PBXProject section */
		A0FFFFFF294A0000000000777 /* Project object */ = {
			isa = PBXProject;
			attributes = {
				BuildIndependentTargetsInParallel = 1;
				LastSwiftUpdateCheck = 1500;
				LastUpgradeCheck = 2600;
				TargetAttributes = {
					A1000000294A0000000000000 = {
						CreatedOnToolsVersion = 15.0;
					};
				};
			};
			buildConfigurationList = A1000002294A0000000000666 /* Build configuration list for PBXProject "PoopDrop" */;
			compatibilityVersion = "Xcode 14.0";
			developmentRegion = en;
			hasScannedForEncodings = 0;
			knownRegions = (
				en,
				Base,
			);
			mainGroup = A0FFFFFF294A0000000000888;
			packageReferences = (
				SPM00001000000000000001 /* XCRemoteSwiftPackageReference "supabase-swift" */,
				RCAT0050000000000000001 /* XCRemoteSwiftPackageReference "purchases-ios" */,
			);
			productRefGroup = A1000002294A0000000000888 /* Products */;
			projectDirPath = "";
			projectRoot = "";
			targets = (
				A1000000294A0000000000000 /* PoopDrop */,
			);
		};
/* End PBXProject section */

/* Begin PBXResourcesBuildPhase section */
		A1000001294A0000000000777 /* Resources */ = {
			isa = PBXResourcesBuildPhase;
			buildActionMask = 2147483647;
			files = (
				A1000007294A0000000000001 /* Preview Assets.xcassets in Resources */,
				A1000005294A0000000000001 /* Assets.xcassets in Resources */,
			);
			runOnlyForDeploymentPostprocessing = 0;
		};
/* End PBXResourcesBuildPhase section */

/* Begin PBXSourcesBuildPhase section */
		A0FFFFFF294A0000000000998 /* Sources */ = {
			isa = PBXSourcesBuildPhase;
			buildActionMask = 2147483647;
			files = (
				A1000001294A0000000000001 /* PoopDropApp.swift in Sources */,
				A1000002294A0000000000003 /* AppDelegate.swift in Sources */,
				A1000003294A0000000000001 /* ContentView.swift in Sources */,
				A1000009294A0000000000001 /* User.swift in Sources */,
				BRIEF0010000000000000001 /* Briefing.swift in Sources */,
				STORY0010000000000000001 /* Story.swift in Sources */,
				A100000F294A0000000000001 /* AuthenticationManager.swift in Sources */,
				NEW00005000000000000001 /* SupabaseManager.swift in Sources */,
				VIRAL0050000000000000001 /* PushNotificationService.swift in Sources */,
				A1000017294A0000000000001 /* MainTabView.swift in Sources */,
				BVIEW0010000000000000001 /* BriefingView.swift in Sources */,
				SCVEW0010000000000000001 /* StoryCardView.swift in Sources */,
				AVIEW0010000000000000001 /* ArchiveView.swift in Sources */,
				A1000021294A0000000000001 /* ProfileView.swift in Sources */,
				A1000029294A0000000000001 /* AuthenticationView.swift in Sources */,
				A100002B294A0000000000001 /* OnboardingView.swift in Sources */,
				A1000049294A0000000000002 /* ProfileSetupView.swift in Sources */,
				D9AC1536EA6A48F4FEAFB2CE /* ContactView.swift in Sources */,
				9122A731B4202D13CB528ADC /* TermsOfServiceView.swift in Sources */,
				18C93C69C717BE42F314D4B1 /* PrivacyPolicyView.swift in Sources */,
				RSESS0010000000000000001 /* ReaderSession.swift in Sources */,
				GLOBE0010000000000000001 /* LiveGlobeView.swift in Sources */,
				AUDIO0010000000000000001 /* AudioBriefingManager.swift in Sources */,
				SHARE0010000000000000001 /* ShareCardView.swift in Sources */,
				SWIPE0010000000000000001 /* SwipeReadingView.swift in Sources */,
				THEME0010000000000000001 /* Theme.swift in Sources */,
				RCAT0010000000000000001 /* SubscriptionManager.swift in Sources */,
				WDCRD0010000000000000001 /* WordDropCardView.swift in Sources */,
				WDGAM0010000000000000001 /* WordDropGameView.swift in Sources */,
				WDRST0010000000000000001 /* WordDropResultView.swift in Sources */,
				WDLDR0010000000000000001 /* WordDropLeaderboardView.swift in Sources */,
				WDSHR0010000000000000001 /* WordDropShareCardView.swift in Sources */,
				WDLTL0010000000000000001 /* LetterTileView.swift in Sources */,
				WDMGR0010000000000000001 /* WordDropManager.swift in Sources */,
				WDMDL0010000000000000001 /* WordGame.swift in Sources */,
			);
			runOnlyForDeploymentPostprocessing = 0;
		};
/* End PBXSourcesBuildPhase section */

/* Begin XCBuildConfiguration section */
		A1000002294A0000000000555 /* Debug */ = {
			isa = XCBuildConfiguration;
			buildSettings = {
				ALWAYS_SEARCH_USER_PATHS = NO;
				ASSETCATALOG_COMPILER_GENERATE_SWIFT_ASSET_SYMBOL_EXTENSIONS = YES;
				CLANG_ANALYZER_NONNULL = YES;
				CLANG_ANALYZER_NUMBER_OBJECT_CONVERSION = YES_AGGRESSIVE;
				CLANG_CXX_LANGUAGE_STANDARD = "gnu++20";
				CLANG_ENABLE_MODULES = YES;
				CLANG_ENABLE_OBJC_ARC = YES;
				CLANG_ENABLE_OBJC_WEAK = YES;
				CLANG_WARN_BLOCK_CAPTURE_AUTORELEASING = YES;
				CLANG_WARN_BOOL_CONVERSION = YES;
				CLANG_WARN_COMMA = YES;
				CLANG_WARN_CONSTANT_CONVERSION = YES;
				CLANG_WARN_DEPRECATED_OBJC_IMPLEMENTATIONS = YES;
				CLANG_WARN_DIRECT_OBJC_ISA_USAGE = YES_ERROR;
				CLANG_WARN_DOCUMENTATION_COMMENTS = YES;
				CLANG_WARN_EMPTY_BODY = YES;
				CLANG_WARN_ENUM_CONVERSION = YES;
				CLANG_WARN_INFINITE_RECURSION = YES;
				CLANG_WARN_INT_CONVERSION = YES;
				CLANG_WARN_NON_LITERAL_NULL_CONVERSION = YES;
				CLANG_WARN_OBJC_IMPLICIT_RETAIN_SELF = YES;
				CLANG_WARN_OBJC_LITERAL_CONVERSION = YES;
				CLANG_WARN_OBJC_ROOT_CLASS = YES_ERROR;
				CLANG_WARN_QUOTED_INCLUDE_IN_FRAMEWORK_HEADER = YES;
				CLANG_WARN_RANGE_LOOP_ANALYSIS = YES;
				CLANG_WARN_STRICT_PROTOTYPES = YES;
				CLANG_WARN_SUSPICIOUS_MOVE = YES;
				CLANG_WARN_UNGUARDED_AVAILABILITY = YES_AGGRESSIVE;
				CLANG_WARN_UNREACHABLE_CODE = YES;
				CLANG_WARN__DUPLICATE_METHOD_MATCH = YES;
				COPY_PHASE_STRIP = NO;
				DEBUG_INFORMATION_FORMAT = "dwarf-with-dsym";
				DEVELOPMENT_TEAM = UDGYWMMVJS;
				ENABLE_STRICT_OBJC_MSGSEND = YES;
				ENABLE_TESTABILITY = YES;
				ENABLE_USER_SCRIPT_SANDBOXING = YES;
				GCC_C_LANGUAGE_STANDARD = gnu17;
				GCC_DYNAMIC_NO_PIC = NO;
				GCC_NO_COMMON_BLOCKS = YES;
				GCC_OPTIMIZATION_LEVEL = 0;
				GCC_PREPROCESSOR_DEFINITIONS = (
					"DEBUG=1",
					"$(inherited)",
				);
				GCC_WARN_64_TO_32_BIT_CONVERSION = YES;
				GCC_WARN_ABOUT_RETURN_TYPE = YES_ERROR;
				GCC_WARN_UNDECLARED_SELECTOR = YES;
				GCC_WARN_UNINITIALIZED_AUTOS = YES_AGGRESSIVE;
				GCC_WARN_UNUSED_FUNCTION = YES;
				GCC_WARN_UNUSED_VARIABLE = YES;
				IPHONEOS_DEPLOYMENT_TARGET = 17.0;
				LOCALIZATION_PREFERS_STRING_CATALOGS = YES;
				MTL_ENABLE_DEBUG_INFO = INCLUDE_SOURCE;
				MTL_FAST_MATH = YES;
				ONLY_ACTIVE_ARCH = YES;
				SDKROOT = iphoneos;
				STRING_CATALOG_GENERATE_SYMBOLS = YES;
				SWIFT_ACTIVE_COMPILATION_CONDITIONS = "DEBUG $(inherited)";
				SWIFT_OPTIMIZATION_LEVEL = "-Onone";
			};
			name = Debug;
		};
		A1000003294A0000000000555 /* Release */ = {
			isa = XCBuildConfiguration;
			buildSettings = {
				ALWAYS_SEARCH_USER_PATHS = NO;
				ASSETCATALOG_COMPILER_GENERATE_SWIFT_ASSET_SYMBOL_EXTENSIONS = YES;
				CLANG_ANALYZER_NONNULL = YES;
				CLANG_ANALYZER_NUMBER_OBJECT_CONVERSION = YES_AGGRESSIVE;
				CLANG_CXX_LANGUAGE_STANDARD = "gnu++20";
				CLANG_ENABLE_MODULES = YES;
				CLANG_ENABLE_OBJC_ARC = YES;
				CLANG_ENABLE_OBJC_WEAK = YES;
				CLANG_WARN_BLOCK_CAPTURE_AUTORELEASING = YES;
				CLANG_WARN_BOOL_CONVERSION = YES;
				CLANG_WARN_COMMA = YES;
				CLANG_WARN_CONSTANT_CONVERSION = YES;
				CLANG_WARN_DEPRECATED_OBJC_IMPLEMENTATIONS = YES;
				CLANG_WARN_DIRECT_OBJC_ISA_USAGE = YES_ERROR;
				CLANG_WARN_DOCUMENTATION_COMMENTS = YES;
				CLANG_WARN_EMPTY_BODY = YES;
				CLANG_WARN_ENUM_CONVERSION = YES;
				CLANG_WARN_INFINITE_RECURSION = YES;
				CLANG_WARN_INT_CONVERSION = YES;
				CLANG_WARN_NON_LITERAL_NULL_CONVERSION = YES;
				CLANG_WARN_OBJC_IMPLICIT_RETAIN_SELF = YES;
				CLANG_WARN_OBJC_LITERAL_CONVERSION = YES;
				CLANG_WARN_OBJC_ROOT_CLASS = YES_ERROR;
				CLANG_WARN_QUOTED_INCLUDE_IN_FRAMEWORK_HEADER = YES;
				CLANG_WARN_RANGE_LOOP_ANALYSIS = YES;
				CLANG_WARN_STRICT_PROTOTYPES = YES;
				CLANG_WARN_SUSPICIOUS_MOVE = YES;
				CLANG_WARN_UNGUARDED_AVAILABILITY = YES_AGGRESSIVE;
				CLANG_WARN_UNREACHABLE_CODE = YES;
				CLANG_WARN__DUPLICATE_METHOD_MATCH = YES;
				COPY_PHASE_STRIP = NO;
				DEBUG_INFORMATION_FORMAT = "dwarf-with-dsym";
				DEVELOPMENT_TEAM = UDGYWMMVJS;
				ENABLE_NS_ASSERTIONS = NO;
				ENABLE_STRICT_OBJC_MSGSEND = YES;
				ENABLE_USER_SCRIPT_SANDBOXING = YES;
				GCC_C_LANGUAGE_STANDARD = gnu17;
				GCC_NO_COMMON_BLOCKS = YES;
				GCC_WARN_64_TO_32_BIT_CONVERSION = YES;
				GCC_WARN_ABOUT_RETURN_TYPE = YES_ERROR;
				GCC_WARN_UNDECLARED_SELECTOR = YES;
				GCC_WARN_UNINITIALIZED_AUTOS = YES_AGGRESSIVE;
				GCC_WARN_UNUSED_FUNCTION = YES;
				GCC_WARN_UNUSED_VARIABLE = YES;
				IPHONEOS_DEPLOYMENT_TARGET = 17.0;
				LOCALIZATION_PREFERS_STRING_CATALOGS = YES;
				MTL_ENABLE_DEBUG_INFO = NO;
				MTL_FAST_MATH = YES;
				SDKROOT = iphoneos;
				STRING_CATALOG_GENERATE_SYMBOLS = YES;
				SWIFT_COMPILATION_MODE = wholemodule;
				VALIDATE_PRODUCT = YES;
			};
			name = Release;
		};
		A1000004294A0000000000555 /* Debug */ = {
			isa = XCBuildConfiguration;
			buildSettings = {
				ASSETCATALOG_COMPILER_APPICON_NAME = AppIcon;
				ASSETCATALOG_COMPILER_GLOBAL_ACCENT_COLOR_NAME = AccentColor;
				CODE_SIGN_ALLOW_ENTITLEMENTS_MODIFICATION = YES;
				CODE_SIGN_ENTITLEMENTS = PoopDrop/PoopDrop.entitlements;
				CODE_SIGN_STYLE = Automatic;
				CURRENT_PROJECT_VERSION = 3;
				DEVELOPMENT_ASSET_PATHS = "\"PoopDrop/Preview Content\"";
				ENABLE_PREVIEWS = YES;
				GENERATE_INFOPLIST_FILE = YES;
				INFOPLIST_FILE = PoopDrop/Info.plist;
				INFOPLIST_KEY_UIApplicationSceneManifest_Generation = YES;
				INFOPLIST_KEY_UIApplicationSupportsIndirectInputEvents = YES;
				INFOPLIST_KEY_UILaunchScreen_Generation = YES;
				INFOPLIST_KEY_UISupportedInterfaceOrientations_iPad = "UIInterfaceOrientationPortrait UIInterfaceOrientationPortraitUpsideDown UIInterfaceOrientationLandscapeLeft UIInterfaceOrientationLandscapeRight";
				INFOPLIST_KEY_UISupportedInterfaceOrientations_iPhone = "UIInterfaceOrientationPortrait UIInterfaceOrientationLandscapeLeft UIInterfaceOrientationLandscapeRight";
				IPHONEOS_DEPLOYMENT_TARGET = 17.0;
				LD_RUNPATH_SEARCH_PATHS = (
					"$(inherited)",
					"@executable_path/Frameworks",
				);
				MARKETING_VERSION = 1.03;
				PRODUCT_BUNDLE_IDENTIFIER = com.thedailypoop.app;
				PRODUCT_NAME = TheDailyPoop;
				SUPPORTED_PLATFORMS = "iphoneos iphonesimulator";
				SUPPORTS_MACCATALYST = NO;
				SUPPORTS_MAC_DESIGNED_FOR_IPHONE_IPAD = NO;
				SUPPORTS_XR_DESIGNED_FOR_IPHONE_IPAD = NO;
				SWIFT_EMIT_LOC_STRINGS = YES;
				SWIFT_VERSION = 5.0;
				TARGETED_DEVICE_FAMILY = 1;
			};
			name = Debug;
		};
		A1000005294A0000000000555 /* Release */ = {
			isa = XCBuildConfiguration;
			buildSettings = {
				ASSETCATALOG_COMPILER_APPICON_NAME = AppIcon;
				ASSETCATALOG_COMPILER_GLOBAL_ACCENT_COLOR_NAME = AccentColor;
				CODE_SIGN_ALLOW_ENTITLEMENTS_MODIFICATION = YES;
				CODE_SIGN_ENTITLEMENTS = PoopDrop/PoopDrop.entitlements;
				CODE_SIGN_STYLE = Automatic;
				CURRENT_PROJECT_VERSION = 3;
				DEVELOPMENT_ASSET_PATHS = "\"PoopDrop/Preview Content\"";
				ENABLE_PREVIEWS = YES;
				GENERATE_INFOPLIST_FILE = YES;
				INFOPLIST_FILE = PoopDrop/Info.plist;
				INFOPLIST_KEY_UIApplicationSceneManifest_Generation = YES;
				INFOPLIST_KEY_UIApplicationSupportsIndirectInputEvents = YES;
				INFOPLIST_KEY_UILaunchScreen_Generation = YES;
				INFOPLIST_KEY_UISupportedInterfaceOrientations_iPad = "UIInterfaceOrientationPortrait UIInterfaceOrientationPortraitUpsideDown UIInterfaceOrientationLandscapeLeft UIInterfaceOrientationLandscapeRight";
				INFOPLIST_KEY_UISupportedInterfaceOrientations_iPhone = "UIInterfaceOrientationPortrait UIInterfaceOrientationLandscapeLeft UIInterfaceOrientationLandscapeRight";
				IPHONEOS_DEPLOYMENT_TARGET = 17.0;
				LD_RUNPATH_SEARCH_PATHS = (
					"$(inherited)",
					"@executable_path/Frameworks",
				);
				MARKETING_VERSION = 1.03;
				PRODUCT_BUNDLE_IDENTIFIER = com.thedailypoop.app;
				PRODUCT_NAME = TheDailyPoop;
				SUPPORTED_PLATFORMS = "iphoneos iphonesimulator";
				SUPPORTS_MACCATALYST = NO;
				SUPPORTS_MAC_DESIGNED_FOR_IPHONE_IPAD = NO;
				SUPPORTS_XR_DESIGNED_FOR_IPHONE_IPAD = NO;
				SWIFT_EMIT_LOC_STRINGS = YES;
				SWIFT_VERSION = 5.0;
				TARGETED_DEVICE_FAMILY = 1;
			};
			name = Release;
		};
/* End XCBuildConfiguration section */

/* Begin XCConfigurationList section */
		A1000002294A0000000000666 /* Build configuration list for PBXProject "PoopDrop" */ = {
			isa = XCConfigurationList;
			buildConfigurations = (
				A1000002294A0000000000555 /* Debug */,
				A1000003294A0000000000555 /* Release */,
			);
			defaultConfigurationIsVisible = 0;
			defaultConfigurationName = Release;
		};
		A1000002294A0000000000777 /* Build configuration list for PBXNativeTarget "PoopDrop" */ = {
			isa = XCConfigurationList;
			buildConfigurations = (
				A1000004294A0000000000555 /* Debug */,
				A1000005294A0000000000555 /* Release */,
			);
			defaultConfigurationIsVisible = 0;
			defaultConfigurationName = Release;
		};
/* End XCConfigurationList section */

/* Begin XCRemoteSwiftPackageReference section */
		SPM00001000000000000001 /* XCRemoteSwiftPackageReference "supabase-swift" */ = {
			isa = XCRemoteSwiftPackageReference;
			repositoryURL = "https://github.com/supabase/supabase-swift.git";
			requirement = {
				kind = upToNextMajorVersion;
				minimumVersion = 2.0.0;
			};
		};
		RCAT0050000000000000001 /* XCRemoteSwiftPackageReference "purchases-ios" */ = {
			isa = XCRemoteSwiftPackageReference;
			repositoryURL = "https://github.com/RevenueCat/purchases-ios.git";
			requirement = {
				kind = upToNextMajorVersion;
				minimumVersion = 5.0.0;
			};
		};
/* End XCRemoteSwiftPackageReference section */

/* Begin XCSwiftPackageProductDependency section */
		SPM00002000000000000001 /* Supabase */ = {
			isa = XCSwiftPackageProductDependency;
			package = SPM00001000000000000001 /* XCRemoteSwiftPackageReference "supabase-swift" */;
			productName = Supabase;
		};
		RCAT0040000000000000001 /* RevenueCat */ = {
			isa = XCSwiftPackageProductDependency;
			package = RCAT0050000000000000001 /* XCRemoteSwiftPackageReference "purchases-ios" */;
			productName = RevenueCat;
		};
/* End XCSwiftPackageProductDependency section */


	};
	rootObject = A0FFFFFF294A0000000000777 /* Project object */;
}
