// !$*UTF8*$!
{
	archiveVersion = 1;
	classes = {
	};
	objectVersion = 56;
	objects = {

/* Begin PBXBuildFile section */
		0C5B7BAD8CE8406A89DE0FD2 /* AttackActivityHighlights.swift in Sources */ = {isa = PBXBuildFile; fileRef = C9E4F5A8B71D4B23A5D8E692 /* AttackActivityHighlights.swift */; };
		0FACB45E96214F2F9C433E05 /* FartAttackManager.swift in Sources */ = {isa = PBXBuildFile; fileRef = 12351ABD17EC4D46ABAC1A0F /* FartAttackManager.swift */; };
		117D0A0612B54F5095CC3F0C /* AnalyticsManager.swift in Sources */ = {isa = PBXBuildFile; fileRef = F6D28C18A21A4E45B9E3F7D9 /* AnalyticsManager.swift */; };
		18C93C69C717BE42F314D4B1 /* PrivacyPolicyView.swift in Sources */ = {isa = PBXBuildFile; fileRef = 4210E055649FE550A178E211 /* PrivacyPolicyView.swift */; };
		32E089EE8D57F0712943B5A7 /* DailyLeaderboardView.swift in Sources */ = {isa = PBXBuildFile; fileRef = 1C6495C2AB5EE70F82B3F079 /* DailyLeaderboardView.swift */; };
		3435BACDD195443DBD7D44B1 /* SmartPermissionManager.swift in Sources */ = {isa = PBXBuildFile; fileRef = 88CF5B7CCC27421490F9EB8F /* SmartPermissionManager.swift */; };
		38140D1FE2569790737387FA /* Poll.swift in Sources */ = {isa = PBXBuildFile; fileRef = 0114749DF158CEDFD2E7541D /* Poll.swift */; };
		3DE8BF08B1754FFF8E38AC38 /* AttackActivityFeedView.swift in Sources */ = {isa = PBXBuildFile; fileRef = 2CC6095D1B5D48C883000C78 /* AttackActivityFeedView.swift */; };
		55845CA1FD714E00B54B4C73 /* FartAttackShopView.swift in Sources */ = {isa = PBXBuildFile; fileRef = F01A855E018C4CDB91FE2AAA /* FartAttackShopView.swift */; };
		5976345BBD08B8F225ECB9E1 /* PointsManager.swift in Sources */ = {isa = PBXBuildFile; fileRef = 3F6EC29780138F50B18FF715 /* PointsManager.swift */; };
		63623839373335322D383538642D343363372D613032382D /* InviteFriendsView.swift in Sources */ = {isa = PBXBuildFile; fileRef = 65373339313463382D346565612D346636312D383434332D /* InviteFriendsView.swift */; };
		6E75D2039F59460B827E026D /* StoreKitManager.swift in Sources */ = {isa = PBXBuildFile; fileRef = 1C031A90EFC7408CABA127C4 /* StoreKitManager.swift */; };
		7044ED2C0C264A9E8AE8AC66 /* FartAttackOnboardingView.swift in Sources */ = {isa = PBXBuildFile; fileRef = 21850A1F17774C648197F780 /* FartAttackOnboardingView.swift */; };
		71381258A72F415CAC0E3712 /* FartAttackPromoCard.swift in Sources */ = {isa = PBXBuildFile; fileRef = 9BC1BDCB895E40348F820DBC /* FartAttackPromoCard.swift */; };
		7E0F47E9E6E0411D8B5E57AA /* AttackReactionSheet.swift in Sources */ = {isa = PBXBuildFile; fileRef = D2A7B6C8E93F4D17B4E5F891 /* AttackReactionSheet.swift */; };
		821647ECCFD44A8BB6B30B76 /* AttackActivity.swift in Sources */ = {isa = PBXBuildFile; fileRef = C1730004771E4254830592C5 /* AttackActivity.swift */; };
		8D7A41E4D6EE4F809B26C8A3 /* BuyMoreBanner.swift in Sources */ = {isa = PBXBuildFile; fileRef = A5C8D7E9F24E4B36A9D6F7B3 /* BuyMoreBanner.swift */; };
		9122A731B4202D13CB528ADC /* TermsOfServiceView.swift in Sources */ = {isa = PBXBuildFile; fileRef = 119BCB7C76A3A13ECAA1ECFC /* TermsOfServiceView.swift */; };
		A1000001294A0000000000001 /* PoopDropApp.swift in Sources */ = {isa = PBXBuildFile; fileRef = A1000002294A0000000000001 /* PoopDropApp.swift */; };
		A1000002294A0000000000003 /* AppDelegate.swift in Sources */ = {isa = PBXBuildFile; fileRef = A1000003294A0000000000003 /* AppDelegate.swift */; };
		A1000003294A0000000000001 /* ContentView.swift in Sources */ = {isa = PBXBuildFile; fileRef = A1000004294A0000000000001 /* ContentView.swift */; };
		A1000005294A0000000000001 /* Assets.xcassets in Resources */ = {isa = PBXBuildFile; fileRef = A1000006294A0000000000001 /* Assets.xcassets */; };
		A1000007294A0000000000001 /* Preview Assets.xcassets in Resources */ = {isa = PBXBuildFile; fileRef = A1000008294A0000000000001 /* Preview Assets.xcassets */; };
		A1000009294A0000000000001 /* User.swift in Sources */ = {isa = PBXBuildFile; fileRef = A100000A294A0000000000001 /* User.swift */; };
		A100000B294A0000000000001 /* Drop.swift in Sources */ = {isa = PBXBuildFile; fileRef = A100000C294A0000000000001 /* Drop.swift */; };
		A100000D294A0000000000001 /* SponsorCampaign.swift in Sources */ = {isa = PBXBuildFile; fileRef = A100000E294A0000000000001 /* SponsorCampaign.swift */; };
		A100000F294A0000000000001 /* AuthenticationManager.swift in Sources */ = {isa = PBXBuildFile; fileRef = A1000010294A0000000000001 /* AuthenticationManager.swift */; };
		A1000011294A0000000000001 /* SubscriptionManager.swift in Sources */ = {isa = PBXBuildFile; fileRef = A1000012294A0000000000001 /* SubscriptionManager.swift */; };
		A1000013294A0000000000001 /* CloudKitManager.swift in Sources */ = {isa = PBXBuildFile; fileRef = A1000014294A0000000000001 /* CloudKitManager.swift */; };
		A1000015294A0000000000001 /* LocationManager.swift in Sources */ = {isa = PBXBuildFile; fileRef = A1000016294A0000000000001 /* LocationManager.swift */; };
		A1000017294A0000000000001 /* MainTabView.swift in Sources */ = {isa = PBXBuildFile; fileRef = A1000018294A0000000000001 /* MainTabView.swift */; };
		A1000019294A0000000000001 /* FeedView.swift in Sources */ = {isa = PBXBuildFile; fileRef = A100001A294A0000000000001 /* FeedView.swift */; };
		A100001B294A0000000000001 /* MapView.swift in Sources */ = {isa = PBXBuildFile; fileRef = A100001C294A0000000000001 /* MapView.swift */; };
		A100001D294A0000000000001 /* DropComposerView.swift in Sources */ = {isa = PBXBuildFile; fileRef = A100001E294A0000000000001 /* DropComposerView.swift */; };
		A100001F294A0000000000001 /* LeaderboardView.swift in Sources */ = {isa = PBXBuildFile; fileRef = A1000020294A0000000000001 /* LeaderboardView.swift */; };
		A1000021294A0000000000001 /* ProfileView.swift in Sources */ = {isa = PBXBuildFile; fileRef = A1000022294A0000000000001 /* ProfileView.swift */; };
		A1000023294A0000000000001 /* ReactionBarView.swift in Sources */ = {isa = PBXBuildFile; fileRef = A1000024294A0000000000001 /* ReactionBarView.swift */; };
		A1000025294A0000000000001 /* DropCardView.swift in Sources */ = {isa = PBXBuildFile; fileRef = A1000026294A0000000000001 /* DropCardView.swift */; };
		A1000027294A0000000000001 /* StringExtensions.swift in Sources */ = {isa = PBXBuildFile; fileRef = A1000028294A0000000000001 /* StringExtensions.swift */; };
		A1000029294A0000000000001 /* AuthenticationView.swift in Sources */ = {isa = PBXBuildFile; fileRef = A100002A294A0000000000001 /* AuthenticationView.swift */; };
		A100002B294A0000000000001 /* OnboardingView.swift in Sources */ = {isa = PBXBuildFile; fileRef = A100002C294A0000000000001 /* OnboardingView.swift */; };
		A100002D294A0000000000002 /* Badge.swift in Sources */ = {isa = PBXBuildFile; fileRef = A100002E294A0000000000002 /* Badge.swift */; };
		A100002F294A0000000000002 /* Friendship.swift in Sources */ = {isa = PBXBuildFile; fileRef = A1000030294A0000000000002 /* Friendship.swift */; };
		A1000031294A0000000000002 /* Notification.swift in Sources */ = {isa = PBXBuildFile; fileRef = A1000032294A0000000000002 /* Notification.swift */; };
		A1000033294A0000000000002 /* Reaction.swift in Sources */ = {isa = PBXBuildFile; fileRef = A1000034294A0000000000002 /* Reaction.swift */; };
		A1000035294A0000000000002 /* UserSession.swift in Sources */ = {isa = PBXBuildFile; fileRef = A1000036294A0000000000002 /* UserSession.swift */; };
		A1000039294A0000000000002 /* AnimationManager.swift in Sources */ = {isa = PBXBuildFile; fileRef = A100003A294A0000000000002 /* AnimationManager.swift */; };
		A100003B294A0000000000002 /* FriendsManager.swift in Sources */ = {isa = PBXBuildFile; fileRef = A100003C294A0000000000002 /* FriendsManager.swift */; };
		A100003D294A0000000000002 /* NotificationHandler.swift in Sources */ = {isa = PBXBuildFile; fileRef = A100003E294A0000000000002 /* NotificationHandler.swift */; };
		A100003F294A0000000000002 /* NotificationManager.swift in Sources */ = {isa = PBXBuildFile; fileRef = A1000040294A0000000000002 /* NotificationManager.swift */; };
		A1000041294A0000000000002 /* FriendsView.swift in Sources */ = {isa = PBXBuildFile; fileRef = A1000042294A0000000000002 /* FriendsView.swift */; };
		A1000047294A0000000000002 /* ProfilePictureEditor.swift in Sources */ = {isa = PBXBuildFile; fileRef = A1000048294A0000000000002 /* ProfilePictureEditor.swift */; };
		A1000049294A0000000000002 /* ProfileSetupView.swift in Sources */ = {isa = PBXBuildFile; fileRef = A100004A294A0000000000002 /* ProfileSetupView.swift */; };
		A100004B294A0000000000002 /* SnapchatStyleMapView.swift in Sources */ = {isa = PBXBuildFile; fileRef = A100004C294A0000000000002 /* SnapchatStyleMapView.swift */; };
		A100004D294A0000000000002 /* StreakView.swift in Sources */ = {isa = PBXBuildFile; fileRef = A100004E294A0000000000002 /* StreakView.swift */; };
		A1000050294A0000000000003 /* SpotifyAPIClient.swift in Sources */ = {isa = PBXBuildFile; fileRef = A1000051294A0000000000003 /* SpotifyAPIClient.swift */; };
		B2849EE6E780317F0EA5EBDB /* GhostAttackShopView.swift in Sources */ = {isa = PBXBuildFile; fileRef = 81F3DDCF59947E17F1E7B0E3 /* GhostAttackShopView.swift */; };
		BCDC470159A99D640A798079 /* HowItWorksView.swift in Sources */ = {isa = PBXBuildFile; fileRef = C017F38432C0902A18CF636D /* HowItWorksView.swift */; };
		C7269D96E6414107BA31C66C /* ReferralCredit.swift in Sources */ = {isa = PBXBuildFile; fileRef = A7EDD4DEDFA340C8B637D777 /* ReferralCredit.swift */; };
		D41D2D21BC9D40498B087397 /* WeeklyLeaderboardView.swift in Sources */ = {isa = PBXBuildFile; fileRef = E3B5A7F2D45C4C92A8F16E84 /* WeeklyLeaderboardView.swift */; };
		D9AC1536EA6A48F4FEAFB2CE /* ContactView.swift in Sources */ = {isa = PBXBuildFile; fileRef = 27F25651DCDE162B6C18444A /* ContactView.swift */; };
		DCE86F4B2E9BE433007B1BC0 /* StreakManager.swift in Sources */ = {isa = PBXBuildFile; fileRef = DCE86F4A2E9BE433007B1BC0 /* StreakManager.swift */; };
		DCE86F4F2EA00AB0007B1BC0 /* PollManager.swift in Sources */ = {isa = PBXBuildFile; fileRef = DCE86F4E2EA00AB0007B1BC0 /* PollManager.swift */; };
		DCE86F512EA00ABE007B1BC0 /* DailyPollView.swift in Sources */ = {isa = PBXBuildFile; fileRef = DCE86F502EA00ABE007B1BC0 /* DailyPollView.swift */; };
		DCE86F532EA2531B007B1BC0 /* Gossip.swift in Sources */ = {isa = PBXBuildFile; fileRef = DCE86F522EA2531B007B1BC0 /* Gossip.swift */; };
		DCE86F552EA2532F007B1BC0 /* GossipManager.swift in Sources */ = {isa = PBXBuildFile; fileRef = DCE86F542EA2532F007B1BC0 /* GossipManager.swift */; };
		DCE86F572EA25346007B1BC0 /* GossipFeedView.swift in Sources */ = {isa = PBXBuildFile; fileRef = DCE86F562EA25346007B1BC0 /* GossipFeedView.swift */; };
		DD40E6731A8A4A998FA3CBD6 /* FartAttackReceivedView.swift in Sources */ = {isa = PBXBuildFile; fileRef = 9AAB4C1763A447C3AD025CE8 /* FartAttackReceivedView.swift */; };
		F28A684129C14FD2B22D2DBD /* FartAttack.swift in Sources */ = {isa = PBXBuildFile; fileRef = 4032E1A5989C49F4BF2FF783 /* FartAttack.swift */; };
		STREAK_MGR_BUILD /* (null) in Sources */ = {isa = PBXBuildFile; };
/* End PBXBuildFile section */

/* Begin PBXFileReference section */
		0114749DF158CEDFD2E7541D /* Poll.swift */ = {isa = PBXFileReference; lastKnownFileType = sourcecode.swift; path = Poll.swift; sourceTree = "<group>"; };
		0134D2C92B7949DAA232D96A /* Reaction.swift */ = {isa = PBXFileReference; lastKnownFileType = sourcecode.swift; path = Reaction.swift; sourceTree = "<group>"; };
		01B03E3D7BEF49E594775CB6 /* FriendsView.swift */ = {isa = PBXFileReference; lastKnownFileType = sourcecode.swift; path = FriendsView.swift; sourceTree = "<group>"; };
		04DBA0A8A9154A98BD5143D7 /* SnapchatStyleMapView.swift */ = {isa = PBXFileReference; lastKnownFileType = sourcecode.swift; path = SnapchatStyleMapView.swift; sourceTree = "<group>"; };
		060B08347F704217ACE4E3EF /* SnapchatStyleMapView.swift */ = {isa = PBXFileReference; lastKnownFileType = sourcecode.swift; path = SnapchatStyleMapView.swift; sourceTree = "<group>"; };
		0A223E0423EF470BBE2B3805 /* ProfileSetupView.swift */ = {isa = PBXFileReference; lastKnownFileType = sourcecode.swift; path = ProfileSetupView.swift; sourceTree = "<group>"; };
		0AF7F00D0F014D178077667B /* FartAttackReceivedView.swift */ = {isa = PBXFileReference; lastKnownFileType = sourcecode.swift; path = FartAttackReceivedView.swift; sourceTree = "<group>"; };
		0B6817CB60824753BFF6E3D9 /* NotificationManager.swift */ = {isa = PBXFileReference; lastKnownFileType = sourcecode.swift; path = NotificationManager.swift; sourceTree = "<group>"; };
		10AEFE21A87346ACACF8B4E4 /* TryProView.swift */ = {isa = PBXFileReference; lastKnownFileType = sourcecode.swift; path = TryProView.swift; sourceTree = "<group>"; };
		119BCB7C76A3A13ECAA1ECFC /* TermsOfServiceView.swift */ = {isa = PBXFileReference; lastKnownFileType = sourcecode.swift; path = TermsOfServiceView.swift; sourceTree = "<group>"; };
		12351ABD17EC4D46ABAC1A0F /* FartAttackManager.swift */ = {isa = PBXFileReference; lastKnownFileType = sourcecode.swift; path = FartAttackManager.swift; sourceTree = "<group>"; };
		13316491E1124DE797FB5EF7 /* TryProView.swift */ = {isa = PBXFileReference; lastKnownFileType = sourcecode.swift; path = TryProView.swift; sourceTree = "<group>"; };
		14D65985B89141508A64FF34 /* Badge.swift */ = {isa = PBXFileReference; lastKnownFileType = sourcecode.swift; path = Badge.swift; sourceTree = "<group>"; };
		15CA6D53DC3C4440BCB42419 /* Friendship.swift */ = {isa = PBXFileReference; lastKnownFileType = sourcecode.swift; path = Friendship.swift; sourceTree = "<group>"; };
		15D2A7DFEDE24818BF33AED3 /* FriendsView.swift */ = {isa = PBXFileReference; lastKnownFileType = sourcecode.swift; path = FriendsView.swift; sourceTree = "<group>"; };
		16D20839E17747E880B8E6FB /* SnapchatStyleMapView.swift */ = {isa = PBXFileReference; lastKnownFileType = sourcecode.swift; path = SnapchatStyleMapView.swift; sourceTree = "<group>"; };
		178159D1051943099A921C42 /* MapBannerAdView.swift */ = {isa = PBXFileReference; lastKnownFileType = sourcecode.swift; path = MapBannerAdView.swift; sourceTree = "<group>"; };
		17ED9344DAD14FB78D079D07 /* FartAttackReceivedView.swift */ = {isa = PBXFileReference; lastKnownFileType = sourcecode.swift; path = FartAttackReceivedView.swift; sourceTree = "<group>"; };
		19C43A4D45A845F183B66076 /* ProfileSetupView.swift */ = {isa = PBXFileReference; lastKnownFileType = sourcecode.swift; path = ProfileSetupView.swift; sourceTree = "<group>"; };
		19D43ED0890D4DB88A4E0A95 /* FartAttackManager.swift */ = {isa = PBXFileReference; lastKnownFileType = sourcecode.swift; path = FartAttackManager.swift; sourceTree = "<group>"; };
		1A32985B0EAA4799A6A44147 /* FartAttack.swift */ = {isa = PBXFileReference; lastKnownFileType = sourcecode.swift; path = FartAttack.swift; sourceTree = "<group>"; };
		1A8326E730814351A49D0BE3 /* Reaction.swift */ = {isa = PBXFileReference; lastKnownFileType = sourcecode.swift; path = Reaction.swift; sourceTree = "<group>"; };
		1B1C4CC10B62477CB769EBED /* AdManager.swift */ = {isa = PBXFileReference; lastKnownFileType = sourcecode.swift; path = AdManager.swift; sourceTree = "<group>"; };
		1BC0E0A05709429498567F16 /* UserSession.swift */ = {isa = PBXFileReference; lastKnownFileType = sourcecode.swift; path = UserSession.swift; sourceTree = "<group>"; };
		1C031A90EFC7408CABA127C4 /* StoreKitManager.swift */ = {isa = PBXFileReference; lastKnownFileType = sourcecode.swift; path = StoreKitManager.swift; sourceTree = "<group>"; };
		1C6495C2AB5EE70F82B3F079 /* DailyLeaderboardView.swift */ = {isa = PBXFileReference; lastKnownFileType = sourcecode.swift; path = DailyLeaderboardView.swift; sourceTree = "<group>"; };
		1CACF19AD9864F1585F34A7F /* TryProView.swift */ = {isa = PBXFileReference; lastKnownFileType = sourcecode.swift; path = TryProView.swift; sourceTree = "<group>"; };
		1D12B283F418485C8EF5DA2E /* FriendsManager.swift */ = {isa = PBXFileReference; lastKnownFileType = sourcecode.swift; path = FriendsManager.swift; sourceTree = "<group>"; };
		1E5393AE4A49431690A0BE77 /* StreakView.swift */ = {isa = PBXFileReference; lastKnownFileType = sourcecode.swift; path = StreakView.swift; sourceTree = "<group>"; };
		2058EAAFC28F4E9F82367464 /* Notification.swift */ = {isa = PBXFileReference; lastKnownFileType = sourcecode.swift; path = Notification.swift; sourceTree = "<group>"; };
		20B874AD6C9E4951A6CF8AC5 /* NotificationHandler.swift */ = {isa = PBXFileReference; lastKnownFileType = sourcecode.swift; path = NotificationHandler.swift; sourceTree = "<group>"; };
		21850A1F17774C648197F780 /* FartAttackOnboardingView.swift */ = {isa = PBXFileReference; lastKnownFileType = sourcecode.swift; path = FartAttackOnboardingView.swift; sourceTree = "<group>"; };
		269F36613F2146C3B50CD6F2 /* Badge.swift */ = {isa = PBXFileReference; lastKnownFileType = sourcecode.swift; path = Badge.swift; sourceTree = "<group>"; };
		27F25651DCDE162B6C18444A /* ContactView.swift */ = {isa = PBXFileReference; lastKnownFileType = sourcecode.swift; path = ContactView.swift; sourceTree = "<group>"; };
		28C770779C084BC090AE787C /* Friendship.swift */ = {isa = PBXFileReference; lastKnownFileType = sourcecode.swift; path = Friendship.swift; sourceTree = "<group>"; };
		294C98BBD7CD4F0D9D33E0A4 /* StoreKitManager.swift */ = {isa = PBXFileReference; lastKnownFileType = sourcecode.swift; path = StoreKitManager.swift; sourceTree = "<group>"; };
		2ACA5D0FE0DA41D6B44EEF99 /* AnimationManager.swift */ = {isa = PBXFileReference; lastKnownFileType = sourcecode.swift; path = AnimationManager.swift; sourceTree = "<group>"; };
		2B343409F91C408488D479CA /* FartAttack.swift */ = {isa = PBXFileReference; lastKnownFileType = sourcecode.swift; path = FartAttack.swift; sourceTree = "<group>"; };
		2B9931690708407F90809C8D /* UserSession.swift */ = {isa = PBXFileReference; lastKnownFileType = sourcecode.swift; path = UserSession.swift; sourceTree = "<group>"; };
		2C977B2BF5ED4076B5966AD5 /* StoreKitManager.swift */ = {isa = PBXFileReference; lastKnownFileType = sourcecode.swift; path = StoreKitManager.swift; sourceTree = "<group>"; };
		2CC6095D1B5D48C883000C78 /* AttackActivityFeedView.swift */ = {isa = PBXFileReference; lastKnownFileType = sourcecode.swift; path = AttackActivityFeedView.swift; sourceTree = "<group>"; };
		328BBFAFBD544647920380D1 /* StreakView.swift */ = {isa = PBXFileReference; lastKnownFileType = sourcecode.swift; path = StreakView.swift; sourceTree = "<group>"; };
		32CA2C5339A94EE99F777033 /* FartAttackPromoCard.swift */ = {isa = PBXFileReference; lastKnownFileType = sourcecode.swift; path = FartAttackPromoCard.swift; sourceTree = "<group>"; };
		33959DBB2F3F41CFA90BA73D /* SnapchatStyleMapView.swift */ = {isa = PBXFileReference; lastKnownFileType = sourcecode.swift; path = SnapchatStyleMapView.swift; sourceTree = "<group>"; };
		34E716DC143740BAB0535EFA /* UserSession.swift */ = {isa = PBXFileReference; lastKnownFileType = sourcecode.swift; path = UserSession.swift; sourceTree = "<group>"; };
		350C38EB0C92402AA7B38626 /* NativeAdCardView.swift */ = {isa = PBXFileReference; lastKnownFileType = sourcecode.swift; path = NativeAdCardView.swift; sourceTree = "<group>"; };
		3530E6BCCA4B44A396EC6998 /* AnimationManager.swift */ = {isa = PBXFileReference; lastKnownFileType = sourcecode.swift; path = AnimationManager.swift; sourceTree = "<group>"; };
		36CB6C765A5A4D668216A802 /* FriendsManager.swift */ = {isa = PBXFileReference; lastKnownFileType = sourcecode.swift; path = FriendsManager.swift; sourceTree = "<group>"; };
		37134B4493D34DBC87C5168F /* FriendsManager.swift */ = {isa = PBXFileReference; lastKnownFileType = sourcecode.swift; path = FriendsManager.swift; sourceTree = "<group>"; };
		3884BF9D773D4CFFBF4790EB /* SnapchatStyleMapView.swift */ = {isa = PBXFileReference; lastKnownFileType = sourcecode.swift; path = SnapchatStyleMapView.swift; sourceTree = "<group>"; };
		399575863CAD4E22982E4B9E /* NotificationManager.swift */ = {isa = PBXFileReference; lastKnownFileType = sourcecode.swift; path = NotificationManager.swift; sourceTree = "<group>"; };
		3BDF331CE90B4CA785A11AAE /* Friendship.swift */ = {isa = PBXFileReference; lastKnownFileType = sourcecode.swift; path = Friendship.swift; sourceTree = "<group>"; };
		3CB5042FD06D4C57B94B91EC /* FartAttack.swift */ = {isa = PBXFileReference; lastKnownFileType = sourcecode.swift; path = FartAttack.swift; sourceTree = "<group>"; };
		3DE9135302C14A3B93451172 /* SnapchatStyleMapView.swift */ = {isa = PBXFileReference; lastKnownFileType = sourcecode.swift; path = SnapchatStyleMapView.swift; sourceTree = "<group>"; };
		3EC2E97C04DA456FB4B65424 /* FartAttackReceivedView.swift */ = {isa = PBXFileReference; lastKnownFileType = sourcecode.swift; path = FartAttackReceivedView.swift; sourceTree = "<group>"; };
		3F4107CFB75549358BB08870 /* Badge.swift */ = {isa = PBXFileReference; lastKnownFileType = sourcecode.swift; path = Badge.swift; sourceTree = "<group>"; };
		3F6EC29780138F50B18FF715 /* PointsManager.swift */ = {isa = PBXFileReference; lastKnownFileType = sourcecode.swift; path = PointsManager.swift; sourceTree = "<group>"; };
		4032E1A5989C49F4BF2FF783 /* FartAttack.swift */ = {isa = PBXFileReference; lastKnownFileType = sourcecode.swift; path = FartAttack.swift; sourceTree = "<group>"; };
		409BD26E51C44AA09D178F22 /* FartAttackReceivedView.swift */ = {isa = PBXFileReference; lastKnownFileType = sourcecode.swift; path = FartAttackReceivedView.swift; sourceTree = "<group>"; };
		40CC2FAEA7E64720A1E510EB /* FartAttackShopView.swift */ = {isa = PBXFileReference; lastKnownFileType = sourcecode.swift; path = FartAttackShopView.swift; sourceTree = "<group>"; };
		4210E055649FE550A178E211 /* PrivacyPolicyView.swift */ = {isa = PBXFileReference; lastKnownFileType = sourcecode.swift; path = PrivacyPolicyView.swift; sourceTree = "<group>"; };
		42FD90BC62F5482C806DE43D /* UserSession.swift */ = {isa = PBXFileReference; lastKnownFileType = sourcecode.swift; path = UserSession.swift; sourceTree = "<group>"; };
		43752C7A60B24EF0B63A7C7B /* Friendship.swift */ = {isa = PBXFileReference; lastKnownFileType = sourcecode.swift; path = Friendship.swift; sourceTree = "<group>"; };
		456220ACBBD2420C9D8D9650 /* ProfileSetupView.swift */ = {isa = PBXFileReference; lastKnownFileType = sourcecode.swift; path = ProfileSetupView.swift; sourceTree = "<group>"; };
		485B82D90893430BB97F31EF /* FartAttackManager.swift */ = {isa = PBXFileReference; lastKnownFileType = sourcecode.swift; path = FartAttackManager.swift; sourceTree = "<group>"; };
		4B62CBDFC62E4604B16D1321 /* Notification.swift */ = {isa = PBXFileReference; lastKnownFileType = sourcecode.swift; path = Notification.swift; sourceTree = "<group>"; };
		4B9D94A51C1B4CFF9541E594 /* FartAttack.swift */ = {isa = PBXFileReference; lastKnownFileType = sourcecode.swift; path = FartAttack.swift; sourceTree = "<group>"; };
		4BFC9ABC2F01418B9B34DCD1 /* TryProView.swift */ = {isa = PBXFileReference; lastKnownFileType = sourcecode.swift; path = TryProView.swift; sourceTree = "<group>"; };
		4D238A41DAFB43E997383073 /* UserSession.swift */ = {isa = PBXFileReference; lastKnownFileType = sourcecode.swift; path = UserSession.swift; sourceTree = "<group>"; };
		4EBD6076D7B04B86983E6299 /* ProfileSetupView.swift */ = {isa = PBXFileReference; lastKnownFileType = sourcecode.swift; path = ProfileSetupView.swift; sourceTree = "<group>"; };
		4F5F895CE17041F7AD7B5DF3 /* Notification.swift */ = {isa = PBXFileReference; lastKnownFileType = sourcecode.swift; path = Notification.swift; sourceTree = "<group>"; };
		4F88B0289B744F5582811F99 /* Friendship.swift */ = {isa = PBXFileReference; lastKnownFileType = sourcecode.swift; path = Friendship.swift; sourceTree = "<group>"; };
		5539F2549B62453FBC03467A /* FriendsView.swift */ = {isa = PBXFileReference; lastKnownFileType = sourcecode.swift; path = FriendsView.swift; sourceTree = "<group>"; };
		563933FC2C1F4BAEA160CDA6 /* FartAttackShopView.swift */ = {isa = PBXFileReference; lastKnownFileType = sourcecode.swift; path = FartAttackShopView.swift; sourceTree = "<group>"; };
		56FF36BB0D3A45648170CE09 /* Reaction.swift */ = {isa = PBXFileReference; lastKnownFileType = sourcecode.swift; path = Reaction.swift; sourceTree = "<group>"; };
		5BD414737AB14AEC996D49CB /* FartAttackPromoCard.swift */ = {isa = PBXFileReference; lastKnownFileType = sourcecode.swift; path = FartAttackPromoCard.swift; sourceTree = "<group>"; };
		5F10B4C873EC4283B2D1366D /* AnimationManager.swift */ = {isa = PBXFileReference; lastKnownFileType = sourcecode.swift; path = AnimationManager.swift; sourceTree = "<group>"; };
		5FA041459626451B9E69B5B9 /* ProfileSetupView.swift */ = {isa = PBXFileReference; lastKnownFileType = sourcecode.swift; path = ProfileSetupView.swift; sourceTree = "<group>"; };
		61235A60129C4CDA87A26D55 /* TryProView.swift */ = {isa = PBXFileReference; lastKnownFileType = sourcecode.swift; path = TryProView.swift; sourceTree = "<group>"; };
		636614D507DC4B629B99B447 /* StreakView.swift */ = {isa = PBXFileReference; lastKnownFileType = sourcecode.swift; path = StreakView.swift; sourceTree = "<group>"; };
		639603AAABFC467CAA08EEE9 /* ProfilePictureEditor.swift */ = {isa = PBXFileReference; lastKnownFileType = sourcecode.swift; path = ProfilePictureEditor.swift; sourceTree = "<group>"; };
		646A0D617107477888A3C2FC /* ProfilePictureEditor.swift */ = {isa = PBXFileReference; lastKnownFileType = sourcecode.swift; path = ProfilePictureEditor.swift; sourceTree = "<group>"; };
		64B39B282EA54E538DE5ABE9 /* Notification.swift */ = {isa = PBXFileReference; lastKnownFileType = sourcecode.swift; path = Notification.swift; sourceTree = "<group>"; };
		65108BABEB124A5EA474C509 /* ProfilePictureEditor.swift */ = {isa = PBXFileReference; lastKnownFileType = sourcecode.swift; path = ProfilePictureEditor.swift; sourceTree = "<group>"; };
		65373339313463382D346565612D346636312D383434332D /* InviteFriendsView.swift */ = {isa = PBXFileReference; lastKnownFileType = sourcecode.swift; path = InviteFriendsView.swift; sourceTree = "<group>"; };
		6598F0814F2049309CF8E5C5 /* StreakView.swift */ = {isa = PBXFileReference; lastKnownFileType = sourcecode.swift; path = StreakView.swift; sourceTree = "<group>"; };
		6632FD3335CF453580BF203C /* ProfileSetupView.swift */ = {isa = PBXFileReference; lastKnownFileType = sourcecode.swift; path = ProfileSetupView.swift; sourceTree = "<group>"; };
		67BB5F9485BA40039E01D8CD /* FriendsManager.swift */ = {isa = PBXFileReference; lastKnownFileType = sourcecode.swift; path = FriendsManager.swift; sourceTree = "<group>"; };
		67C5158D22A84061A57E6461 /* Notification.swift */ = {isa = PBXFileReference; lastKnownFileType = sourcecode.swift; path = Notification.swift; sourceTree = "<group>"; };
		69788627168249EB8CA03DBB /* Badge.swift */ = {isa = PBXFileReference; lastKnownFileType = sourcecode.swift; path = Badge.swift; sourceTree = "<group>"; };
		6ABCD4BB70AD4BFCAB7CAE71 /* NotificationHandler.swift */ = {isa = PBXFileReference; lastKnownFileType = sourcecode.swift; path = NotificationHandler.swift; sourceTree = "<group>"; };
		6BECDE40039A458F9E8A5E61 /* FriendsView.swift */ = {isa = PBXFileReference; lastKnownFileType = sourcecode.swift; path = FriendsView.swift; sourceTree = "<group>"; };
		6D2187250B5043FAA5337B44 /* Friendship.swift */ = {isa = PBXFileReference; lastKnownFileType = sourcecode.swift; path = Friendship.swift; sourceTree = "<group>"; };
		6D9627DE59AB42B5B023D264 /* UserSession.swift */ = {isa = PBXFileReference; lastKnownFileType = sourcecode.swift; path = UserSession.swift; sourceTree = "<group>"; };
		6ED813358E0448E5932AE8EA /* TryProView.swift */ = {isa = PBXFileReference; lastKnownFileType = sourcecode.swift; path = TryProView.swift; sourceTree = "<group>"; };
		7129C9ECBF4A40A5991E1402 /* NotificationManager.swift */ = {isa = PBXFileReference; lastKnownFileType = sourcecode.swift; path = NotificationManager.swift; sourceTree = "<group>"; };
		72D50F0C2FD64BC38F267145 /* ProfileSetupView.swift */ = {isa = PBXFileReference; lastKnownFileType = sourcecode.swift; path = ProfileSetupView.swift; sourceTree = "<group>"; };
		757C2453D4C542F0940F2C9C /* Badge.swift */ = {isa = PBXFileReference; lastKnownFileType = sourcecode.swift; path = Badge.swift; sourceTree = "<group>"; };
		7671B3C182AD4E708D949A41 /* FartAttackShopView.swift */ = {isa = PBXFileReference; lastKnownFileType = sourcecode.swift; path = FartAttackShopView.swift; sourceTree = "<group>"; };
		76F6FFE656C943398F23A706 /* FartAttackOnboardingView.swift */ = {isa = PBXFileReference; lastKnownFileType = sourcecode.swift; path = FartAttackOnboardingView.swift; sourceTree = "<group>"; };
		77E5C88F64F94ED8B2CD8448 /* StoreKitManager.swift */ = {isa = PBXFileReference; lastKnownFileType = sourcecode.swift; path = StoreKitManager.swift; sourceTree = "<group>"; };
		79F1FD1E39794C61B29F3900 /* NotificationManager.swift */ = {isa = PBXFileReference; lastKnownFileType = sourcecode.swift; path = NotificationManager.swift; sourceTree = "<group>"; };
		7AC4D606616C4C1BB8096CC5 /* SnapchatStyleMapView.swift */ = {isa = PBXFileReference; lastKnownFileType = sourcecode.swift; path = SnapchatStyleMapView.swift; sourceTree = "<group>"; };
		7B2E2A5EBC1046A4B4CCE1EF /* NotificationHandler.swift */ = {isa = PBXFileReference; lastKnownFileType = sourcecode.swift; path = NotificationHandler.swift; sourceTree = "<group>"; };
		7C3B130987144A5CA901445B /* FriendsManager.swift */ = {isa = PBXFileReference; lastKnownFileType = sourcecode.swift; path = FriendsManager.swift; sourceTree = "<group>"; };
		81F3DDCF59947E17F1E7B0E3 /* GhostAttackShopView.swift */ = {isa = PBXFileReference; lastKnownFileType = sourcecode.swift; path = GhostAttackShopView.swift; sourceTree = "<group>"; };
		82568A3A19324EB9B7040DBC /* ProfilePictureEditor.swift */ = {isa = PBXFileReference; lastKnownFileType = sourcecode.swift; path = ProfilePictureEditor.swift; sourceTree = "<group>"; };
		85051EC4DA834F93A1BF75D5 /* FartAttackReceivedView.swift */ = {isa = PBXFileReference; lastKnownFileType = sourcecode.swift; path = FartAttackReceivedView.swift; sourceTree = "<group>"; };
		88CF5B7CCC27421490F9EB8F /* SmartPermissionManager.swift */ = {isa = PBXFileReference; lastKnownFileType = sourcecode.swift; path = SmartPermissionManager.swift; sourceTree = "<group>"; };
		89C415EE57A94CD9861A1FF4 /* StreakView.swift */ = {isa = PBXFileReference; lastKnownFileType = sourcecode.swift; path = StreakView.swift; sourceTree = "<group>"; };
		89FB5B12402A45CEBD7AAA80 /* NotificationHandler.swift */ = {isa = PBXFileReference; lastKnownFileType = sourcecode.swift; path = NotificationHandler.swift; sourceTree = "<group>"; };
		8BFFBC67C0174D8F90224DB7 /* ProfileSetupView.swift */ = {isa = PBXFileReference; lastKnownFileType = sourcecode.swift; path = ProfileSetupView.swift; sourceTree = "<group>"; };
		8C57DA88E74F4D43B3F7740F /* Notification.swift */ = {isa = PBXFileReference; lastKnownFileType = sourcecode.swift; path = Notification.swift; sourceTree = "<group>"; };
		8C62E5C894DF42EF84D33256 /* MapBannerAdView.swift */ = {isa = PBXFileReference; lastKnownFileType = sourcecode.swift; path = MapBannerAdView.swift; sourceTree = "<group>"; };
		8CED3DBD7F324B6E85B072A0 /* FartAttackManager.swift */ = {isa = PBXFileReference; lastKnownFileType = sourcecode.swift; path = FartAttackManager.swift; sourceTree = "<group>"; };
		8D717FE29D284B539A105460 /* NotificationHandler.swift */ = {isa = PBXFileReference; lastKnownFileType = sourcecode.swift; path = NotificationHandler.swift; sourceTree = "<group>"; };
		8FCB80B1047546779A8684A3 /* ProfilePictureEditor.swift */ = {isa = PBXFileReference; lastKnownFileType = sourcecode.swift; path = ProfilePictureEditor.swift; sourceTree = "<group>"; };
		9191F2F1A8994133A0EE35B1 /* StreakView.swift */ = {isa = PBXFileReference; lastKnownFileType = sourcecode.swift; path = StreakView.swift; sourceTree = "<group>"; };
		92B9039BCEBE4878ACC95858 /* FartAttackShopView.swift */ = {isa = PBXFileReference; lastKnownFileType = sourcecode.swift; path = FartAttackShopView.swift; sourceTree = "<group>"; };
		9373D0DC63F849DA9B6A5286 /* Badge.swift */ = {isa = PBXFileReference; lastKnownFileType = sourcecode.swift; path = Badge.swift; sourceTree = "<group>"; };
		93BAE3EE27A1452B906E2014 /* NativeAdCardView.swift */ = {isa = PBXFileReference; lastKnownFileType = sourcecode.swift; path = NativeAdCardView.swift; sourceTree = "<group>"; };
		95A226732FFE46ED8F146E36 /* FriendsManager.swift */ = {isa = PBXFileReference; lastKnownFileType = sourcecode.swift; path = FriendsManager.swift; sourceTree = "<group>"; };
		9AAB4C1763A447C3AD025CE8 /* FartAttackReceivedView.swift */ = {isa = PBXFileReference; lastKnownFileType = sourcecode.swift; path = FartAttackReceivedView.swift; sourceTree = "<group>"; };
		9BC1BDCB895E40348F820DBC /* FartAttackPromoCard.swift */ = {isa = PBXFileReference; lastKnownFileType = sourcecode.swift; path = FartAttackPromoCard.swift; sourceTree = "<group>"; };
		9BEE552248AC4869A61B55A3 /* AnalyticsManager.swift */ = {isa = PBXFileReference; lastKnownFileType = sourcecode.swift; path = AnalyticsManager.swift; sourceTree = "<group>"; };
		9D27371195EC4F42A6090FD4 /* AnimationManager.swift */ = {isa = PBXFileReference; lastKnownFileType = sourcecode.swift; path = AnimationManager.swift; sourceTree = "<group>"; };
		9D6EF0067BB64D6BB042E73C /* NotificationHandler.swift */ = {isa = PBXFileReference; lastKnownFileType = sourcecode.swift; path = NotificationHandler.swift; sourceTree = "<group>"; };
		9E0554B23D194CFC93F016EA /* FriendsManager.swift */ = {isa = PBXFileReference; lastKnownFileType = sourcecode.swift; path = FriendsManager.swift; sourceTree = "<group>"; };
		9F10273A96584427813AE2DA /* TryProView.swift */ = {isa = PBXFileReference; lastKnownFileType = sourcecode.swift; path = TryProView.swift; sourceTree = "<group>"; };
		A1000001294A0000000000000 /* TheDailyPoop.app */ = {isa = PBXFileReference; explicitFileType = wrapper.application; includeInIndex = 0; path = TheDailyPoop.app; sourceTree = BUILT_PRODUCTS_DIR; };
		A1000002294A0000000000001 /* PoopDropApp.swift */ = {isa = PBXFileReference; lastKnownFileType = sourcecode.swift; path = PoopDropApp.swift; sourceTree = "<group>"; };
		A1000003294A0000000000003 /* AppDelegate.swift */ = {isa = PBXFileReference; lastKnownFileType = sourcecode.swift; path = AppDelegate.swift; sourceTree = "<group>"; };
		A1000004294A0000000000001 /* ContentView.swift */ = {isa = PBXFileReference; lastKnownFileType = sourcecode.swift; path = ContentView.swift; sourceTree = "<group>"; };
		A1000006294A0000000000001 /* Assets.xcassets */ = {isa = PBXFileReference; lastKnownFileType = folder.assetcatalog; path = Assets.xcassets; sourceTree = "<group>"; };
		A1000008294A0000000000001 /* Preview Assets.xcassets */ = {isa = PBXFileReference; lastKnownFileType = folder.assetcatalog; path = "Preview Assets.xcassets"; sourceTree = "<group>"; };
		A100000A294A0000000000001 /* User.swift */ = {isa = PBXFileReference; lastKnownFileType = sourcecode.swift; path = User.swift; sourceTree = "<group>"; };
		A100000C294A0000000000001 /* Drop.swift */ = {isa = PBXFileReference; lastKnownFileType = sourcecode.swift; path = Drop.swift; sourceTree = "<group>"; };
		A100000E294A0000000000001 /* SponsorCampaign.swift */ = {isa = PBXFileReference; lastKnownFileType = sourcecode.swift; path = SponsorCampaign.swift; sourceTree = "<group>"; };
		A1000010294A0000000000001 /* AuthenticationManager.swift */ = {isa = PBXFileReference; lastKnownFileType = sourcecode.swift; path = AuthenticationManager.swift; sourceTree = "<group>"; };
		A1000012294A0000000000001 /* SubscriptionManager.swift */ = {isa = PBXFileReference; lastKnownFileType = sourcecode.swift; path = SubscriptionManager.swift; sourceTree = "<group>"; };
		A1000014294A0000000000001 /* CloudKitManager.swift */ = {isa = PBXFileReference; lastKnownFileType = sourcecode.swift; path = CloudKitManager.swift; sourceTree = "<group>"; };
		A1000016294A0000000000001 /* LocationManager.swift */ = {isa = PBXFileReference; lastKnownFileType = sourcecode.swift; path = LocationManager.swift; sourceTree = "<group>"; };
		A1000018294A0000000000001 /* MainTabView.swift */ = {isa = PBXFileReference; lastKnownFileType = sourcecode.swift; path = MainTabView.swift; sourceTree = "<group>"; };
		A100001A294A0000000000001 /* FeedView.swift */ = {isa = PBXFileReference; lastKnownFileType = sourcecode.swift; path = FeedView.swift; sourceTree = "<group>"; };
		A100001C294A0000000000001 /* MapView.swift */ = {isa = PBXFileReference; lastKnownFileType = sourcecode.swift; path = MapView.swift; sourceTree = "<group>"; };
		A100001E294A0000000000001 /* DropComposerView.swift */ = {isa = PBXFileReference; lastKnownFileType = sourcecode.swift; path = DropComposerView.swift; sourceTree = "<group>"; };
		A1000020294A0000000000001 /* LeaderboardView.swift */ = {isa = PBXFileReference; lastKnownFileType = sourcecode.swift; path = LeaderboardView.swift; sourceTree = "<group>"; };
		A1000022294A0000000000001 /* ProfileView.swift */ = {isa = PBXFileReference; lastKnownFileType = sourcecode.swift; path = ProfileView.swift; sourceTree = "<group>"; };
		A1000024294A0000000000001 /* ReactionBarView.swift */ = {isa = PBXFileReference; lastKnownFileType = sourcecode.swift; path = ReactionBarView.swift; sourceTree = "<group>"; };
		A1000026294A0000000000001 /* DropCardView.swift */ = {isa = PBXFileReference; lastKnownFileType = sourcecode.swift; path = DropCardView.swift; sourceTree = "<group>"; };
		A1000028294A0000000000001 /* StringExtensions.swift */ = {isa = PBXFileReference; lastKnownFileType = sourcecode.swift; path = StringExtensions.swift; sourceTree = "<group>"; };
		A100002A294A0000000000001 /* AuthenticationView.swift */ = {isa = PBXFileReference; lastKnownFileType = sourcecode.swift; path = AuthenticationView.swift; sourceTree = "<group>"; };
		A100002C294A0000000000001 /* OnboardingView.swift */ = {isa = PBXFileReference; lastKnownFileType = sourcecode.swift; path = OnboardingView.swift; sourceTree = "<group>"; };
		A100002D294A0000000000001 /* Info.plist */ = {isa = PBXFileReference; lastKnownFileType = text.plist.xml; path = Info.plist; sourceTree = "<group>"; };
		A100002E294A0000000000001 /* PoopDrop.entitlements */ = {isa = PBXFileReference; lastKnownFileType = text.plist.entitlements; path = PoopDrop.entitlements; sourceTree = "<group>"; };
		A100002E294A0000000000002 /* Badge.swift */ = {isa = PBXFileReference; lastKnownFileType = sourcecode.swift; path = Badge.swift; sourceTree = "<group>"; };
		A1000030294A0000000000002 /* Friendship.swift */ = {isa = PBXFileReference; lastKnownFileType = sourcecode.swift; path = Friendship.swift; sourceTree = "<group>"; };
		A1000032294A0000000000002 /* Notification.swift */ = {isa = PBXFileReference; lastKnownFileType = sourcecode.swift; path = Notification.swift; sourceTree = "<group>"; };
		A1000034294A0000000000002 /* Reaction.swift */ = {isa = PBXFileReference; lastKnownFileType = sourcecode.swift; path = Reaction.swift; sourceTree = "<group>"; };
		A1000036294A0000000000002 /* UserSession.swift */ = {isa = PBXFileReference; lastKnownFileType = sourcecode.swift; path = UserSession.swift; sourceTree = "<group>"; };
		A100003A294A0000000000002 /* AnimationManager.swift */ = {isa = PBXFileReference; lastKnownFileType = sourcecode.swift; path = AnimationManager.swift; sourceTree = "<group>"; };
		A100003C294A0000000000002 /* FriendsManager.swift */ = {isa = PBXFileReference; lastKnownFileType = sourcecode.swift; path = FriendsManager.swift; sourceTree = "<group>"; };
		A100003E294A0000000000002 /* NotificationHandler.swift */ = {isa = PBXFileReference; lastKnownFileType = sourcecode.swift; path = NotificationHandler.swift; sourceTree = "<group>"; };
		A1000040294A0000000000002 /* NotificationManager.swift */ = {isa = PBXFileReference; lastKnownFileType = sourcecode.swift; path = NotificationManager.swift; sourceTree = "<group>"; };
		A1000042294A0000000000002 /* FriendsView.swift */ = {isa = PBXFileReference; lastKnownFileType = sourcecode.swift; path = FriendsView.swift; sourceTree = "<group>"; };
		A1000048294A0000000000002 /* ProfilePictureEditor.swift */ = {isa = PBXFileReference; lastKnownFileType = sourcecode.swift; path = ProfilePictureEditor.swift; sourceTree = "<group>"; };
		A100004A294A0000000000002 /* ProfileSetupView.swift */ = {isa = PBXFileReference; lastKnownFileType = sourcecode.swift; path = ProfileSetupView.swift; sourceTree = "<group>"; };
		A100004C294A0000000000002 /* SnapchatStyleMapView.swift */ = {isa = PBXFileReference; lastKnownFileType = sourcecode.swift; path = SnapchatStyleMapView.swift; sourceTree = "<group>"; };
		A100004E294A0000000000002 /* StreakView.swift */ = {isa = PBXFileReference; lastKnownFileType = sourcecode.swift; path = StreakView.swift; sourceTree = "<group>"; };
		A1000051294A0000000000003 /* SpotifyAPIClient.swift */ = {isa = PBXFileReference; lastKnownFileType = sourcecode.swift; path = SpotifyAPIClient.swift; sourceTree = "<group>"; };
		A4A8BA74FA404D4C910A8E9D /* Reaction.swift */ = {isa = PBXFileReference; lastKnownFileType = sourcecode.swift; path = Reaction.swift; sourceTree = "<group>"; };
		A5ACDCCA2B9E4CAC8162A78D /* NotificationManager.swift */ = {isa = PBXFileReference; lastKnownFileType = sourcecode.swift; path = NotificationManager.swift; sourceTree = "<group>"; };
		A5C8D7E9F24E4B36A9D6F7B3 /* BuyMoreBanner.swift */ = {isa = PBXFileReference; lastKnownFileType = sourcecode.swift; name = BuyMoreBanner.swift; path = PoopDrop/Views/Components/BuyMoreBanner.swift; sourceTree = SOURCE_ROOT; };
		A67DBFD944454014A5FBD8BF /* Notification.swift */ = {isa = PBXFileReference; lastKnownFileType = sourcecode.swift; path = Notification.swift; sourceTree = "<group>"; };
		A7163EC6631D4EB0ABE5ADCD /* FartAttackManager.swift */ = {isa = PBXFileReference; lastKnownFileType = sourcecode.swift; path = FartAttackManager.swift; sourceTree = "<group>"; };
		A7EDD4DEDFA340C8B637D777 /* ReferralCredit.swift */ = {isa = PBXFileReference; lastKnownFileType = sourcecode.swift; path = ReferralCredit.swift; sourceTree = "<group>"; };
		A87ED0DAF69E45268B6AF183 /* NotificationHandler.swift */ = {isa = PBXFileReference; lastKnownFileType = sourcecode.swift; path = NotificationHandler.swift; sourceTree = "<group>"; };
		A90231BDDB0148DBA03022C8 /* AnimationManager.swift */ = {isa = PBXFileReference; lastKnownFileType = sourcecode.swift; path = AnimationManager.swift; sourceTree = "<group>"; };
		A9469C270F8F40F18D0687E0 /* StreakView.swift */ = {isa = PBXFileReference; lastKnownFileType = sourcecode.swift; path = StreakView.swift; sourceTree = "<group>"; };
		AD1ACCF0824F48A98B6A77CE /* FriendsView.swift */ = {isa = PBXFileReference; lastKnownFileType = sourcecode.swift; path = FriendsView.swift; sourceTree = "<group>"; };
		AF3A16709B9D477996825616 /* FriendsManager.swift */ = {isa = PBXFileReference; lastKnownFileType = sourcecode.swift; path = FriendsManager.swift; sourceTree = "<group>"; };
		B2EB92137063461391661A2E /* WeeklyLeaderboardView.swift */ = {isa = PBXFileReference; lastKnownFileType = sourcecode.swift; path = WeeklyLeaderboardView.swift; sourceTree = "<group>"; };
		B3B85483E2964E35A38509AA /* AnimationManager.swift */ = {isa = PBXFileReference; lastKnownFileType = sourcecode.swift; path = AnimationManager.swift; sourceTree = "<group>"; };
		B59C5A3542B4435389A29CC7 /* FriendsView.swift */ = {isa = PBXFileReference; lastKnownFileType = sourcecode.swift; path = FriendsView.swift; sourceTree = "<group>"; };
		B69671F04B414ED1A856B4FE /* AnimationManager.swift */ = {isa = PBXFileReference; lastKnownFileType = sourcecode.swift; path = AnimationManager.swift; sourceTree = "<group>"; };
		B6D36B405BB544B78391CEA7 /* UserSession.swift */ = {isa = PBXFileReference; lastKnownFileType = sourcecode.swift; path = UserSession.swift; sourceTree = "<group>"; };
		B96DEF9595394E50BCA17EB4 /* NotificationManager.swift */ = {isa = PBXFileReference; lastKnownFileType = sourcecode.swift; path = NotificationManager.swift; sourceTree = "<group>"; };
		B99718138A7C4487A280FAEF /* Friendship.swift */ = {isa = PBXFileReference; lastKnownFileType = sourcecode.swift; path = Friendship.swift; sourceTree = "<group>"; };
		BB44BEAFB3D84164828CAF80 /* NotificationManager.swift */ = {isa = PBXFileReference; lastKnownFileType = sourcecode.swift; path = NotificationManager.swift; sourceTree = "<group>"; };
		BB7F5048373643739BB3486F /* TryProView.swift */ = {isa = PBXFileReference; lastKnownFileType = sourcecode.swift; path = TryProView.swift; sourceTree = "<group>"; };
		BC290E30FD084A8BBF180E53 /* FartAttack.swift */ = {isa = PBXFileReference; lastKnownFileType = sourcecode.swift; path = FartAttack.swift; sourceTree = "<group>"; };
		BF641B84CB28444D94ED3E20 /* Friendship.swift */ = {isa = PBXFileReference; lastKnownFileType = sourcecode.swift; path = Friendship.swift; sourceTree = "<group>"; };
		C017F38432C0902A18CF636D /* HowItWorksView.swift */ = {isa = PBXFileReference; lastKnownFileType = sourcecode.swift; path = HowItWorksView.swift; sourceTree = "<group>"; };
		C1730004771E4254830592C5 /* AttackActivity.swift */ = {isa = PBXFileReference; lastKnownFileType = sourcecode.swift; path = AttackActivity.swift; sourceTree = "<group>"; };
		C3CFED6EE1014F3999A70DB9 /* SnapchatStyleMapView.swift */ = {isa = PBXFileReference; lastKnownFileType = sourcecode.swift; path = SnapchatStyleMapView.swift; sourceTree = "<group>"; };
		C8E6861648D945B6A512183B /* Reaction.swift */ = {isa = PBXFileReference; lastKnownFileType = sourcecode.swift; path = Reaction.swift; sourceTree = "<group>"; };
		C9E4F5A8B71D4B23A5D8E692 /* AttackActivityHighlights.swift */ = {isa = PBXFileReference; lastKnownFileType = sourcecode.swift; name = AttackActivityHighlights.swift; path = PoopDrop/Views/Components/AttackActivityHighlights.swift; sourceTree = SOURCE_ROOT; };
		CB490607EE374E6CA89A1D6B /* FartAttackShopView.swift */ = {isa = PBXFileReference; lastKnownFileType = sourcecode.swift; path = FartAttackShopView.swift; sourceTree = "<group>"; };
		CBADACFE9A914569AEDA7BC0 /* Badge.swift */ = {isa = PBXFileReference; lastKnownFileType = sourcecode.swift; path = Badge.swift; sourceTree = "<group>"; };
		CC47011342254219B68C97CA /* FartAttackPromoCard.swift */ = {isa = PBXFileReference; lastKnownFileType = sourcecode.swift; path = FartAttackPromoCard.swift; sourceTree = "<group>"; };
		CCCBF738611740A5984B9054 /* AnimationManager.swift */ = {isa = PBXFileReference; lastKnownFileType = sourcecode.swift; path = AnimationManager.swift; sourceTree = "<group>"; };
		CD4626E7704A4899A7805445 /* ProfilePictureEditor.swift */ = {isa = PBXFileReference; lastKnownFileType = sourcecode.swift; path = ProfilePictureEditor.swift; sourceTree = "<group>"; };
		CEB2030E4884446C97B3B3D1 /* Reaction.swift */ = {isa = PBXFileReference; lastKnownFileType = sourcecode.swift; path = Reaction.swift; sourceTree = "<group>"; };
		D2A7B6C8E93F4D17B4E5F891 /* AttackReactionSheet.swift */ = {isa = PBXFileReference; lastKnownFileType = sourcecode.swift; name = AttackReactionSheet.swift; path = PoopDrop/Views/Components/AttackReactionSheet.swift; sourceTree = SOURCE_ROOT; };
		D37FE929F4194E448E258907 /* Notification.swift */ = {isa = PBXFileReference; lastKnownFileType = sourcecode.swift; path = Notification.swift; sourceTree = "<group>"; };
		D3BC073E83E948B8A1B4B496 /* AdManager.swift */ = {isa = PBXFileReference; lastKnownFileType = sourcecode.swift; path = AdManager.swift; sourceTree = "<group>"; };
		D44DDC203EFB40CFBB6E70F4 /* ProfilePictureEditor.swift */ = {isa = PBXFileReference; lastKnownFileType = sourcecode.swift; path = ProfilePictureEditor.swift; sourceTree = "<group>"; };
		D802FC943ABB422C88710795 /* Reaction.swift */ = {isa = PBXFileReference; lastKnownFileType = sourcecode.swift; path = Reaction.swift; sourceTree = "<group>"; };
		DCE86F4A2E9BE433007B1BC0 /* StreakManager.swift */ = {isa = PBXFileReference; lastKnownFileType = sourcecode.swift; path = StreakManager.swift; sourceTree = "<group>"; };
		DCE86F4E2EA00AB0007B1BC0 /* PollManager.swift */ = {isa = PBXFileReference; lastKnownFileType = sourcecode.swift; path = PollManager.swift; sourceTree = "<group>"; };
		DCE86F502EA00ABE007B1BC0 /* DailyPollView.swift */ = {isa = PBXFileReference; lastKnownFileType = sourcecode.swift; path = DailyPollView.swift; sourceTree = "<group>"; };
		DCE86F522EA2531B007B1BC0 /* Gossip.swift */ = {isa = PBXFileReference; lastKnownFileType = sourcecode.swift; path = Gossip.swift; sourceTree = "<group>"; };
		DCE86F542EA2532F007B1BC0 /* GossipManager.swift */ = {isa = PBXFileReference; lastKnownFileType = sourcecode.swift; path = GossipManager.swift; sourceTree = "<group>"; };
		DCE86F562EA25346007B1BC0 /* GossipFeedView.swift */ = {isa = PBXFileReference; lastKnownFileType = sourcecode.swift; path = GossipFeedView.swift; sourceTree = "<group>"; };
		DD6D750A1E874B5CA6A8B30E /* FriendsView.swift */ = {isa = PBXFileReference; lastKnownFileType = sourcecode.swift; path = FriendsView.swift; sourceTree = "<group>"; };
		DD9C291B6415453A84F28E06 /* StoreKitManager.swift */ = {isa = PBXFileReference; lastKnownFileType = sourcecode.swift; path = StoreKitManager.swift; sourceTree = "<group>"; };
		E11A6043B79F421791DED928 /* NotificationHandler.swift */ = {isa = PBXFileReference; lastKnownFileType = sourcecode.swift; path = NotificationHandler.swift; sourceTree = "<group>"; };
		E368D387A907401B80040562 /* StreakView.swift */ = {isa = PBXFileReference; lastKnownFileType = sourcecode.swift; path = StreakView.swift; sourceTree = "<group>"; };
		E3B5A7F2D45C4C92A8F16E84 /* WeeklyLeaderboardView.swift */ = {isa = PBXFileReference; lastKnownFileType = sourcecode.swift; name = WeeklyLeaderboardView.swift; path = PoopDrop/Views/WeeklyLeaderboardView.swift; sourceTree = SOURCE_ROOT; };
		E7CCEC460D7845CDA52AF8D1 /* NotificationManager.swift */ = {isa = PBXFileReference; lastKnownFileType = sourcecode.swift; path = NotificationManager.swift; sourceTree = "<group>"; };
		EDE2CD76CF9047ED885F76F5 /* FriendsView.swift */ = {isa = PBXFileReference; lastKnownFileType = sourcecode.swift; path = FriendsView.swift; sourceTree = "<group>"; };
		EDF02772EA50463494E3DA9B /* UserSession.swift */ = {isa = PBXFileReference; lastKnownFileType = sourcecode.swift; path = UserSession.swift; sourceTree = "<group>"; };
		EEAF197014F34711A75FC801 /* FartAttackOnboardingView.swift */ = {isa = PBXFileReference; lastKnownFileType = sourcecode.swift; path = FartAttackOnboardingView.swift; sourceTree = "<group>"; };
		F01A855E018C4CDB91FE2AAA /* FartAttackShopView.swift */ = {isa = PBXFileReference; lastKnownFileType = sourcecode.swift; path = FartAttackShopView.swift; sourceTree = "<group>"; };
		F068879E83FC4FD38F66E57F /* FartAttackOnboardingView.swift */ = {isa = PBXFileReference; lastKnownFileType = sourcecode.swift; path = FartAttackOnboardingView.swift; sourceTree = "<group>"; };
		F2EEAD38BE034A03B80A04CA /* Badge.swift */ = {isa = PBXFileReference; lastKnownFileType = sourcecode.swift; path = Badge.swift; sourceTree = "<group>"; };
		F4055FE0654544B6B8B32C51 /* Reaction.swift */ = {isa = PBXFileReference; lastKnownFileType = sourcecode.swift; path = Reaction.swift; sourceTree = "<group>"; };
		F5B45AC7BD3941BEB6B6A979 /* FartAttackManager.swift */ = {isa = PBXFileReference; lastKnownFileType = sourcecode.swift; path = FartAttackManager.swift; sourceTree = "<group>"; };
		F6D28C18A21A4E45B9E3F7D9 /* AnalyticsManager.swift */ = {isa = PBXFileReference; lastKnownFileType = sourcecode.swift; name = AnalyticsManager.swift; path = PoopDrop/Managers/AnalyticsManager.swift; sourceTree = SOURCE_ROOT; };
		FC928D3DD84D47A18276BDF7 /* ProfilePictureEditor.swift */ = {isa = PBXFileReference; lastKnownFileType = sourcecode.swift; path = ProfilePictureEditor.swift; sourceTree = "<group>"; };
/* End PBXFileReference section */

/* Begin PBXFrameworksBuildPhase section */
		A0FFFFFF294A0000000000999 /* Frameworks */ = {
			isa = PBXFrameworksBuildPhase;
			buildActionMask = 2147483647;
			files = (
			);
			runOnlyForDeploymentPostprocessing = 0;
		};
/* End PBXFrameworksBuildPhase section */

/* Begin PBXGroup section */
		A0FFFFFF294A0000000000888 = {
			isa = PBXGroup;
			children = (
				A1000003294A0000000000888 /* PoopDrop */,
				A1000002294A0000000000888 /* Products */,
				DCE86F3A2E9975B5007B1BC0 /* Recovered References */,
			);
			sourceTree = "<group>";
		};
		A1000002294A0000000000888 /* Products */ = {
			isa = PBXGroup;
			children = (
				A1000001294A0000000000000 /* TheDailyPoop.app */,
			);
			name = Products;
			sourceTree = "<group>";
		};
		A1000003294A0000000000888 /* PoopDrop */ = {
			isa = PBXGroup;
			children = (
				A1000002294A0000000000001 /* PoopDropApp.swift */,
				A1000003294A0000000000003 /* AppDelegate.swift */,
				A1000004294A0000000000001 /* ContentView.swift */,
				A100002D294A0000000000001 /* Info.plist */,
				A100002E294A0000000000001 /* PoopDrop.entitlements */,
				A1000030294A0000000000888 /* Models */,
				A1000031294A0000000000888 /* Managers */,
				A1000032294A0000000000888 /* Views */,
				A1000033294A0000000000888 /* Extensions */,
				A1000006294A0000000000001 /* Assets.xcassets */,
				A1000009294A0000000000888 /* Preview Content */,
			);
			path = PoopDrop;
			sourceTree = "<group>";
		};
		A1000009294A0000000000888 /* Preview Content */ = {
			isa = PBXGroup;
			children = (
				A1000008294A0000000000001 /* Preview Assets.xcassets */,
			);
			path = "Preview Content";
			sourceTree = "<group>";
		};
		A1000030294A0000000000888 /* Models */ = {
			isa = PBXGroup;
			children = (
				DCE86F522EA2531B007B1BC0 /* Gossip.swift */,
				A100000A294A0000000000001 /* User.swift */,
				A100000C294A0000000000001 /* Drop.swift */,
				A100000E294A0000000000001 /* SponsorCampaign.swift */,
				A100002E294A0000000000002 /* Badge.swift */,
				A1000030294A0000000000002 /* Friendship.swift */,
				A1000032294A0000000000002 /* Notification.swift */,
				A1000034294A0000000000002 /* Reaction.swift */,
				A1000036294A0000000000002 /* UserSession.swift */,
				69788627168249EB8CA03DBB /* Badge.swift */,
				4F88B0289B744F5582811F99 /* Friendship.swift */,
				D37FE929F4194E448E258907 /* Notification.swift */,
				F4055FE0654544B6B8B32C51 /* Reaction.swift */,
				1BC0E0A05709429498567F16 /* UserSession.swift */,
				3F4107CFB75549358BB08870 /* Badge.swift */,
				43752C7A60B24EF0B63A7C7B /* Friendship.swift */,
				4B62CBDFC62E4604B16D1321 /* Notification.swift */,
				C8E6861648D945B6A512183B /* Reaction.swift */,
				EDF02772EA50463494E3DA9B /* UserSession.swift */,
				269F36613F2146C3B50CD6F2 /* Badge.swift */,
				4032E1A5989C49F4BF2FF783 /* FartAttack.swift */,
				6D2187250B5043FAA5337B44 /* Friendship.swift */,
				8C57DA88E74F4D43B3F7740F /* Notification.swift */,
				A4A8BA74FA404D4C910A8E9D /* Reaction.swift */,
				42FD90BC62F5482C806DE43D /* UserSession.swift */,
				F2EEAD38BE034A03B80A04CA /* Badge.swift */,
				4B9D94A51C1B4CFF9541E594 /* FartAttack.swift */,
				3BDF331CE90B4CA785A11AAE /* Friendship.swift */,
				4F5F895CE17041F7AD7B5DF3 /* Notification.swift */,
				0134D2C92B7949DAA232D96A /* Reaction.swift */,
				34E716DC143740BAB0535EFA /* UserSession.swift */,
				14D65985B89141508A64FF34 /* Badge.swift */,
				1A32985B0EAA4799A6A44147 /* FartAttack.swift */,
				BF641B84CB28444D94ED3E20 /* Friendship.swift */,
				64B39B282EA54E538DE5ABE9 /* Notification.swift */,
				D802FC943ABB422C88710795 /* Reaction.swift */,
				B6D36B405BB544B78391CEA7 /* UserSession.swift */,
				757C2453D4C542F0940F2C9C /* Badge.swift */,
				3CB5042FD06D4C57B94B91EC /* FartAttack.swift */,
				28C770779C084BC090AE787C /* Friendship.swift */,
				67C5158D22A84061A57E6461 /* Notification.swift */,
				CEB2030E4884446C97B3B3D1 /* Reaction.swift */,
				4D238A41DAFB43E997383073 /* UserSession.swift */,
				9373D0DC63F849DA9B6A5286 /* Badge.swift */,
				2B343409F91C408488D479CA /* FartAttack.swift */,
				B99718138A7C4487A280FAEF /* Friendship.swift */,
				A67DBFD944454014A5FBD8BF /* Notification.swift */,
				56FF36BB0D3A45648170CE09 /* Reaction.swift */,
				2B9931690708407F90809C8D /* UserSession.swift */,
				C1730004771E4254830592C5 /* AttackActivity.swift */,
				CBADACFE9A914569AEDA7BC0 /* Badge.swift */,
				BC290E30FD084A8BBF180E53 /* FartAttack.swift */,
				15CA6D53DC3C4440BCB42419 /* Friendship.swift */,
				2058EAAFC28F4E9F82367464 /* Notification.swift */,
				1A8326E730814351A49D0BE3 /* Reaction.swift */,
				A7EDD4DEDFA340C8B637D777 /* ReferralCredit.swift */,
				6D9627DE59AB42B5B023D264 /* UserSession.swift */,
				0114749DF158CEDFD2E7541D /* Poll.swift */,
			);
			path = Models;
			sourceTree = "<group>";
		};
		A1000031294A0000000000888 /* Managers */ = {
			isa = PBXGroup;
			children = (
				DCE86F542EA2532F007B1BC0 /* GossipManager.swift */,
				DCE86F4E2EA00AB0007B1BC0 /* PollManager.swift */,
				DCE86F4A2E9BE433007B1BC0 /* StreakManager.swift */,
				A1000010294A0000000000001 /* AuthenticationManager.swift */,
				A1000012294A0000000000001 /* SubscriptionManager.swift */,
				A1000014294A0000000000001 /* CloudKitManager.swift */,
				A1000016294A0000000000001 /* LocationManager.swift */,
				A100003A294A0000000000002 /* AnimationManager.swift */,
				A100003C294A0000000000002 /* FriendsManager.swift */,
				A100003E294A0000000000002 /* NotificationHandler.swift */,
				A1000040294A0000000000002 /* NotificationManager.swift */,
				A1000051294A0000000000003 /* SpotifyAPIClient.swift */,
				3530E6BCCA4B44A396EC6998 /* AnimationManager.swift */,
				1D12B283F418485C8EF5DA2E /* FriendsManager.swift */,
				E11A6043B79F421791DED928 /* NotificationHandler.swift */,
				BB44BEAFB3D84164828CAF80 /* NotificationManager.swift */,
				B3B85483E2964E35A38509AA /* AnimationManager.swift */,
				36CB6C765A5A4D668216A802 /* FriendsManager.swift */,
				7B2E2A5EBC1046A4B4CCE1EF /* NotificationHandler.swift */,
				7129C9ECBF4A40A5991E1402 /* NotificationManager.swift */,
				CCCBF738611740A5984B9054 /* AnimationManager.swift */,
				12351ABD17EC4D46ABAC1A0F /* FartAttackManager.swift */,
				9E0554B23D194CFC93F016EA /* FriendsManager.swift */,
				89FB5B12402A45CEBD7AAA80 /* NotificationHandler.swift */,
				79F1FD1E39794C61B29F3900 /* NotificationManager.swift */,
				2ACA5D0FE0DA41D6B44EEF99 /* AnimationManager.swift */,
				F5B45AC7BD3941BEB6B6A979 /* FartAttackManager.swift */,
				95A226732FFE46ED8F146E36 /* FriendsManager.swift */,
				8D717FE29D284B539A105460 /* NotificationHandler.swift */,
				E7CCEC460D7845CDA52AF8D1 /* NotificationManager.swift */,
				1C031A90EFC7408CABA127C4 /* StoreKitManager.swift */,
				9D27371195EC4F42A6090FD4 /* AnimationManager.swift */,
				19D43ED0890D4DB88A4E0A95 /* FartAttackManager.swift */,
				67BB5F9485BA40039E01D8CD /* FriendsManager.swift */,
				A87ED0DAF69E45268B6AF183 /* NotificationHandler.swift */,
				A5ACDCCA2B9E4CAC8162A78D /* NotificationManager.swift */,
				2C977B2BF5ED4076B5966AD5 /* StoreKitManager.swift */,
				B69671F04B414ED1A856B4FE /* AnimationManager.swift */,
				8CED3DBD7F324B6E85B072A0 /* FartAttackManager.swift */,
				AF3A16709B9D477996825616 /* FriendsManager.swift */,
				20B874AD6C9E4951A6CF8AC5 /* NotificationHandler.swift */,
				399575863CAD4E22982E4B9E /* NotificationManager.swift */,
				DD9C291B6415453A84F28E06 /* StoreKitManager.swift */,
				D3BC073E83E948B8A1B4B496 /* AdManager.swift */,
				A90231BDDB0148DBA03022C8 /* AnimationManager.swift */,
				485B82D90893430BB97F31EF /* FartAttackManager.swift */,
				37134B4493D34DBC87C5168F /* FriendsManager.swift */,
				6ABCD4BB70AD4BFCAB7CAE71 /* NotificationHandler.swift */,
				B96DEF9595394E50BCA17EB4 /* NotificationManager.swift */,
				294C98BBD7CD4F0D9D33E0A4 /* StoreKitManager.swift */,
				1B1C4CC10B62477CB769EBED /* AdManager.swift */,
				9BEE552248AC4869A61B55A3 /* AnalyticsManager.swift */,
				5F10B4C873EC4283B2D1366D /* AnimationManager.swift */,
				A7163EC6631D4EB0ABE5ADCD /* FartAttackManager.swift */,
				7C3B130987144A5CA901445B /* FriendsManager.swift */,
				9D6EF0067BB64D6BB042E73C /* NotificationHandler.swift */,
				0B6817CB60824753BFF6E3D9 /* NotificationManager.swift */,
				88CF5B7CCC27421490F9EB8F /* SmartPermissionManager.swift */,
				77E5C88F64F94ED8B2CD8448 /* StoreKitManager.swift */,
				3F6EC29780138F50B18FF715 /* PointsManager.swift */,
			);
			path = Managers;
			sourceTree = "<group>";
		};
		A1000032294A0000000000888 /* Views */ = {
			isa = PBXGroup;
			children = (
				DCE86F562EA25346007B1BC0 /* GossipFeedView.swift */,
				DCE86F502EA00ABE007B1BC0 /* DailyPollView.swift */,
				A1000018294A0000000000001 /* MainTabView.swift */,
				A100001A294A0000000000001 /* FeedView.swift */,
				A100001C294A0000000000001 /* MapView.swift */,
				A100001E294A0000000000001 /* DropComposerView.swift */,
				A1000020294A0000000000001 /* LeaderboardView.swift */,
				A1000022294A0000000000001 /* ProfileView.swift */,
				A1000024294A0000000000001 /* ReactionBarView.swift */,
				A1000026294A0000000000001 /* DropCardView.swift */,
				A100002A294A0000000000001 /* AuthenticationView.swift */,
				A100002C294A0000000000001 /* OnboardingView.swift */,
				A1000042294A0000000000002 /* FriendsView.swift */,
				A1000048294A0000000000002 /* ProfilePictureEditor.swift */,
				A100004A294A0000000000002 /* ProfileSetupView.swift */,
				A100004C294A0000000000002 /* SnapchatStyleMapView.swift */,
				A100004E294A0000000000002 /* StreakView.swift */,
				C017F38432C0902A18CF636D /* HowItWorksView.swift */,
				27F25651DCDE162B6C18444A /* ContactView.swift */,
				119BCB7C76A3A13ECAA1ECFC /* TermsOfServiceView.swift */,
				4210E055649FE550A178E211 /* PrivacyPolicyView.swift */,
				B59C5A3542B4435389A29CC7 /* FriendsView.swift */,
				8FCB80B1047546779A8684A3 /* ProfilePictureEditor.swift */,
				6632FD3335CF453580BF203C /* ProfileSetupView.swift */,
				3DE9135302C14A3B93451172 /* SnapchatStyleMapView.swift */,
				636614D507DC4B629B99B447 /* StreakView.swift */,
				4BFC9ABC2F01418B9B34DCD1 /* TryProView.swift */,
				01B03E3D7BEF49E594775CB6 /* FriendsView.swift */,
				65108BABEB124A5EA474C509 /* ProfilePictureEditor.swift */,
				456220ACBBD2420C9D8D9650 /* ProfileSetupView.swift */,
				33959DBB2F3F41CFA90BA73D /* SnapchatStyleMapView.swift */,
				A9469C270F8F40F18D0687E0 /* StreakView.swift */,
				9F10273A96584427813AE2DA /* TryProView.swift */,
				9AAB4C1763A447C3AD025CE8 /* FartAttackReceivedView.swift */,
				F01A855E018C4CDB91FE2AAA /* FartAttackShopView.swift */,
				5539F2549B62453FBC03467A /* FriendsView.swift */,
				639603AAABFC467CAA08EEE9 /* ProfilePictureEditor.swift */,
				19C43A4D45A845F183B66076 /* ProfileSetupView.swift */,
				04DBA0A8A9154A98BD5143D7 /* SnapchatStyleMapView.swift */,
				E368D387A907401B80040562 /* StreakView.swift */,
				BB7F5048373643739BB3486F /* TryProView.swift */,
				3EC2E97C04DA456FB4B65424 /* FartAttackReceivedView.swift */,
				563933FC2C1F4BAEA160CDA6 /* FartAttackShopView.swift */,
				15D2A7DFEDE24818BF33AED3 /* FriendsView.swift */,
				82568A3A19324EB9B7040DBC /* ProfilePictureEditor.swift */,
				4EBD6076D7B04B86983E6299 /* ProfileSetupView.swift */,
				3884BF9D773D4CFFBF4790EB /* SnapchatStyleMapView.swift */,
				6598F0814F2049309CF8E5C5 /* StreakView.swift */,
				10AEFE21A87346ACACF8B4E4 /* TryProView.swift */,
				21850A1F17774C648197F780 /* FartAttackOnboardingView.swift */,
				9BC1BDCB895E40348F820DBC /* FartAttackPromoCard.swift */,
				85051EC4DA834F93A1BF75D5 /* FartAttackReceivedView.swift */,
				CB490607EE374E6CA89A1D6B /* FartAttackShopView.swift */,
				EDE2CD76CF9047ED885F76F5 /* FriendsView.swift */,
				FC928D3DD84D47A18276BDF7 /* ProfilePictureEditor.swift */,
				72D50F0C2FD64BC38F267145 /* ProfileSetupView.swift */,
				16D20839E17747E880B8E6FB /* SnapchatStyleMapView.swift */,
				89C415EE57A94CD9861A1FF4 /* StreakView.swift */,
				13316491E1124DE797FB5EF7 /* TryProView.swift */,
				76F6FFE656C943398F23A706 /* FartAttackOnboardingView.swift */,
				32CA2C5339A94EE99F777033 /* FartAttackPromoCard.swift */,
				409BD26E51C44AA09D178F22 /* FartAttackReceivedView.swift */,
				7671B3C182AD4E708D949A41 /* FartAttackShopView.swift */,
				6BECDE40039A458F9E8A5E61 /* FriendsView.swift */,
				646A0D617107477888A3C2FC /* ProfilePictureEditor.swift */,
				0A223E0423EF470BBE2B3805 /* ProfileSetupView.swift */,
				7AC4D606616C4C1BB8096CC5 /* SnapchatStyleMapView.swift */,
				9191F2F1A8994133A0EE35B1 /* StreakView.swift */,
				61235A60129C4CDA87A26D55 /* TryProView.swift */,
				F068879E83FC4FD38F66E57F /* FartAttackOnboardingView.swift */,
				CC47011342254219B68C97CA /* FartAttackPromoCard.swift */,
				0AF7F00D0F014D178077667B /* FartAttackReceivedView.swift */,
				92B9039BCEBE4878ACC95858 /* FartAttackShopView.swift */,
				DD6D750A1E874B5CA6A8B30E /* FriendsView.swift */,
				8C62E5C894DF42EF84D33256 /* MapBannerAdView.swift */,
				350C38EB0C92402AA7B38626 /* NativeAdCardView.swift */,
				D44DDC203EFB40CFBB6E70F4 /* ProfilePictureEditor.swift */,
				8BFFBC67C0174D8F90224DB7 /* ProfileSetupView.swift */,
				060B08347F704217ACE4E3EF /* SnapchatStyleMapView.swift */,
				328BBFAFBD544647920380D1 /* StreakView.swift */,
				1CACF19AD9864F1585F34A7F /* TryProView.swift */,
				2CC6095D1B5D48C883000C78 /* AttackActivityFeedView.swift */,
				EEAF197014F34711A75FC801 /* FartAttackOnboardingView.swift */,
				5BD414737AB14AEC996D49CB /* FartAttackPromoCard.swift */,
				17ED9344DAD14FB78D079D07 /* FartAttackReceivedView.swift */,
				40CC2FAEA7E64720A1E510EB /* FartAttackShopView.swift */,
				AD1ACCF0824F48A98B6A77CE /* FriendsView.swift */,
				178159D1051943099A921C42 /* MapBannerAdView.swift */,
				93BAE3EE27A1452B906E2014 /* NativeAdCardView.swift */,
				CD4626E7704A4899A7805445 /* ProfilePictureEditor.swift */,
				5FA041459626451B9E69B5B9 /* ProfileSetupView.swift */,
				C3CFED6EE1014F3999A70DB9 /* SnapchatStyleMapView.swift */,
				1E5393AE4A49431690A0BE77 /* StreakView.swift */,
				6ED813358E0448E5932AE8EA /* TryProView.swift */,
				B2EB92137063461391661A2E /* WeeklyLeaderboardView.swift */,
				65373339313463382D346565612D346636312D383434332D /* InviteFriendsView.swift */,
				1C6495C2AB5EE70F82B3F079 /* DailyLeaderboardView.swift */,
				81F3DDCF59947E17F1E7B0E3 /* GhostAttackShopView.swift */,
			);
			path = Views;
			sourceTree = "<group>";
		};
		A1000033294A0000000000888 /* Extensions */ = {
			isa = PBXGroup;
			children = (
				A1000028294A0000000000001 /* StringExtensions.swift */,
			);
			path = Extensions;
			sourceTree = "<group>";
		};
		DCE86F3A2E9975B5007B1BC0 /* Recovered References */ = {
			isa = PBXGroup;
			children = (
				F6D28C18A21A4E45B9E3F7D9 /* AnalyticsManager.swift */,
				E3B5A7F2D45C4C92A8F16E84 /* WeeklyLeaderboardView.swift */,
				C9E4F5A8B71D4B23A5D8E692 /* AttackActivityHighlights.swift */,
				D2A7B6C8E93F4D17B4E5F891 /* AttackReactionSheet.swift */,
				A5C8D7E9F24E4B36A9D6F7B3 /* BuyMoreBanner.swift */,
			);
			name = "Recovered References";
			sourceTree = "<group>";
		};
/* End PBXGroup section */

/* Begin PBXNativeTarget section */
		A1000000294A0000000000000 /* PoopDrop */ = {
			isa = PBXNativeTarget;
			buildConfigurationList = A1000002294A0000000000777 /* Build configuration list for PBXNativeTarget "PoopDrop" */;
			buildPhases = (
				A0FFFFFF294A0000000000998 /* Sources */,
				A0FFFFFF294A0000000000999 /* Frameworks */,
				A1000001294A0000000000777 /* Resources */,
			);
			buildRules = (
			);
			dependencies = (
			);
			name = PoopDrop;
			productName = PoopDrop;
			productReference = A1000001294A0000000000000 /* TheDailyPoop.app */;
			productType = "com.apple.product-type.application";
		};
/* End PBXNativeTarget section */

/* Begin PBXProject section */
		A0FFFFFF294A0000000000777 /* Project object */ = {
			isa = PBXProject;
			attributes = {
				BuildIndependentTargetsInParallel = 1;
				LastSwiftUpdateCheck = 1500;
				LastUpgradeCheck = 2600;
				TargetAttributes = {
					A1000000294A0000000000000 = {
						CreatedOnToolsVersion = 15.0;
					};
				};
			};
			buildConfigurationList = A1000002294A0000000000666 /* Build configuration list for PBXProject "PoopDrop" */;
			compatibilityVersion = "Xcode 14.0";
			developmentRegion = en;
			hasScannedForEncodings = 0;
			knownRegions = (
				en,
				Base,
			);
			mainGroup = A0FFFFFF294A0000000000888;
			packageReferences = (
			);
			productRefGroup = A1000002294A0000000000888 /* Products */;
			projectDirPath = "";
			projectRoot = "";
			targets = (
				A1000000294A0000000000000 /* PoopDrop */,
			);
		};
/* End PBXProject section */

/* Begin PBXResourcesBuildPhase section */
		A1000001294A0000000000777 /* Resources */ = {
			isa = PBXResourcesBuildPhase;
			buildActionMask = 2147483647;
			files = (
				A1000007294A0000000000001 /* Preview Assets.xcassets in Resources */,
				A1000005294A0000000000001 /* Assets.xcassets in Resources */,
			);
			runOnlyForDeploymentPostprocessing = 0;
		};
/* End PBXResourcesBuildPhase section */

/* Begin PBXSourcesBuildPhase section */
		A0FFFFFF294A0000000000998 /* Sources */ = {
			isa = PBXSourcesBuildPhase;
			buildActionMask = 2147483647;
			files = (
				A1000001294A0000000000001 /* PoopDropApp.swift in Sources */,
				A1000002294A0000000000003 /* AppDelegate.swift in Sources */,
				A1000003294A0000000000001 /* ContentView.swift in Sources */,
				A1000009294A0000000000001 /* User.swift in Sources */,
				A100000B294A0000000000001 /* Drop.swift in Sources */,
				A100000D294A0000000000001 /* SponsorCampaign.swift in Sources */,
				A100000F294A0000000000001 /* AuthenticationManager.swift in Sources */,
				A1000011294A0000000000001 /* SubscriptionManager.swift in Sources */,
				A1000013294A0000000000001 /* CloudKitManager.swift in Sources */,
				A1000015294A0000000000001 /* LocationManager.swift in Sources */,
				A1000017294A0000000000001 /* MainTabView.swift in Sources */,
				A1000019294A0000000000001 /* FeedView.swift in Sources */,
				A100001B294A0000000000001 /* MapView.swift in Sources */,
				A100001D294A0000000000001 /* DropComposerView.swift in Sources */,
				A100001F294A0000000000001 /* LeaderboardView.swift in Sources */,
				A1000021294A0000000000001 /* ProfileView.swift in Sources */,
				A1000023294A0000000000001 /* ReactionBarView.swift in Sources */,
				A1000025294A0000000000001 /* DropCardView.swift in Sources */,
				A1000027294A0000000000001 /* StringExtensions.swift in Sources */,
				A1000029294A0000000000001 /* AuthenticationView.swift in Sources */,
				A100002B294A0000000000001 /* OnboardingView.swift in Sources */,
				DCE86F512EA00ABE007B1BC0 /* DailyPollView.swift in Sources */,
				A100002D294A0000000000002 /* Badge.swift in Sources */,
				A100002F294A0000000000002 /* Friendship.swift in Sources */,
				A1000031294A0000000000002 /* Notification.swift in Sources */,
				A1000033294A0000000000002 /* Reaction.swift in Sources */,
				A1000035294A0000000000002 /* UserSession.swift in Sources */,
				A1000039294A0000000000002 /* AnimationManager.swift in Sources */,
				A100003B294A0000000000002 /* FriendsManager.swift in Sources */,
				A100003D294A0000000000002 /* NotificationHandler.swift in Sources */,
				DCE86F532EA2531B007B1BC0 /* Gossip.swift in Sources */,
				A100003F294A0000000000002 /* NotificationManager.swift in Sources */,
				A1000050294A0000000000003 /* SpotifyAPIClient.swift in Sources */,
				A1000041294A0000000000002 /* FriendsView.swift in Sources */,
				DCE86F552EA2532F007B1BC0 /* GossipManager.swift in Sources */,
				A1000047294A0000000000002 /* ProfilePictureEditor.swift in Sources */,
				A1000049294A0000000000002 /* ProfileSetupView.swift in Sources */,
				A100004B294A0000000000002 /* SnapchatStyleMapView.swift in Sources */,
				A100004D294A0000000000002 /* StreakView.swift in Sources */,
				BCDC470159A99D640A798079 /* HowItWorksView.swift in Sources */,
				D9AC1536EA6A48F4FEAFB2CE /* ContactView.swift in Sources */,
				9122A731B4202D13CB528ADC /* TermsOfServiceView.swift in Sources */,
				18C93C69C717BE42F314D4B1 /* PrivacyPolicyView.swift in Sources */,
				F28A684129C14FD2B22D2DBD /* FartAttack.swift in Sources */,
				0FACB45E96214F2F9C433E05 /* FartAttackManager.swift in Sources */,
				DD40E6731A8A4A998FA3CBD6 /* FartAttackReceivedView.swift in Sources */,
				55845CA1FD714E00B54B4C73 /* FartAttackShopView.swift in Sources */,
				7044ED2C0C264A9E8AE8AC66 /* FartAttackOnboardingView.swift in Sources */,
				71381258A72F415CAC0E3712 /* FartAttackPromoCard.swift in Sources */,
				6E75D2039F59460B827E026D /* StoreKitManager.swift in Sources */,
				117D0A0612B54F5095CC3F0C /* AnalyticsManager.swift in Sources */,
				DCE86F572EA25346007B1BC0 /* GossipFeedView.swift in Sources */,
				DCE86F4B2E9BE433007B1BC0 /* StreakManager.swift in Sources */,
				3435BACDD195443DBD7D44B1 /* SmartPermissionManager.swift in Sources */,
				821647ECCFD44A8BB6B30B76 /* AttackActivity.swift in Sources */,
				C7269D96E6414107BA31C66C /* ReferralCredit.swift in Sources */,
				3DE8BF08B1754FFF8E38AC38 /* AttackActivityFeedView.swift in Sources */,
				D41D2D21BC9D40498B087397 /* WeeklyLeaderboardView.swift in Sources */,
				0C5B7BAD8CE8406A89DE0FD2 /* AttackActivityHighlights.swift in Sources */,
				7E0F47E9E6E0411D8B5E57AA /* AttackReactionSheet.swift in Sources */,
				8D7A41E4D6EE4F809B26C8A3 /* BuyMoreBanner.swift in Sources */,
				63623839373335322D383538642D343363372D613032382D /* InviteFriendsView.swift in Sources */,
				STREAK_MGR_BUILD /* (null) in Sources */,
				5976345BBD08B8F225ECB9E1 /* PointsManager.swift in Sources */,
				32E089EE8D57F0712943B5A7 /* DailyLeaderboardView.swift in Sources */,
				38140D1FE2569790737387FA /* Poll.swift in Sources */,
				DCE86F4F2EA00AB0007B1BC0 /* PollManager.swift in Sources */,
				B2849EE6E780317F0EA5EBDB /* GhostAttackShopView.swift in Sources */,
			);
			runOnlyForDeploymentPostprocessing = 0;
		};
/* End PBXSourcesBuildPhase section */

/* Begin XCBuildConfiguration section */
		A1000002294A0000000000555 /* Debug */ = {
			isa = XCBuildConfiguration;
			buildSettings = {
				ALWAYS_SEARCH_USER_PATHS = NO;
				ASSETCATALOG_COMPILER_GENERATE_SWIFT_ASSET_SYMBOL_EXTENSIONS = YES;
				CLANG_ANALYZER_NONNULL = YES;
				CLANG_ANALYZER_NUMBER_OBJECT_CONVERSION = YES_AGGRESSIVE;
				CLANG_CXX_LANGUAGE_STANDARD = "gnu++20";
				CLANG_ENABLE_MODULES = YES;
				CLANG_ENABLE_OBJC_ARC = YES;
				CLANG_ENABLE_OBJC_WEAK = YES;
				CLANG_WARN_BLOCK_CAPTURE_AUTORELEASING = YES;
				CLANG_WARN_BOOL_CONVERSION = YES;
				CLANG_WARN_COMMA = YES;
				CLANG_WARN_CONSTANT_CONVERSION = YES;
				CLANG_WARN_DEPRECATED_OBJC_IMPLEMENTATIONS = YES;
				CLANG_WARN_DIRECT_OBJC_ISA_USAGE = YES_ERROR;
				CLANG_WARN_DOCUMENTATION_COMMENTS = YES;
				CLANG_WARN_EMPTY_BODY = YES;
				CLANG_WARN_ENUM_CONVERSION = YES;
				CLANG_WARN_INFINITE_RECURSION = YES;
				CLANG_WARN_INT_CONVERSION = YES;
				CLANG_WARN_NON_LITERAL_NULL_CONVERSION = YES;
				CLANG_WARN_OBJC_IMPLICIT_RETAIN_SELF = YES;
				CLANG_WARN_OBJC_LITERAL_CONVERSION = YES;
				CLANG_WARN_OBJC_ROOT_CLASS = YES_ERROR;
				CLANG_WARN_QUOTED_INCLUDE_IN_FRAMEWORK_HEADER = YES;
				CLANG_WARN_RANGE_LOOP_ANALYSIS = YES;
				CLANG_WARN_STRICT_PROTOTYPES = YES;
				CLANG_WARN_SUSPICIOUS_MOVE = YES;
				CLANG_WARN_UNGUARDED_AVAILABILITY = YES_AGGRESSIVE;
				CLANG_WARN_UNREACHABLE_CODE = YES;
				CLANG_WARN__DUPLICATE_METHOD_MATCH = YES;
				COPY_PHASE_STRIP = NO;
				DEBUG_INFORMATION_FORMAT = "dwarf-with-dsym";
				DEVELOPMENT_TEAM = UDGYWMMVJS;
				ENABLE_STRICT_OBJC_MSGSEND = YES;
				ENABLE_TESTABILITY = YES;
				ENABLE_USER_SCRIPT_SANDBOXING = YES;
				GCC_C_LANGUAGE_STANDARD = gnu17;
				GCC_DYNAMIC_NO_PIC = NO;
				GCC_NO_COMMON_BLOCKS = YES;
				GCC_OPTIMIZATION_LEVEL = 0;
				GCC_PREPROCESSOR_DEFINITIONS = (
					"DEBUG=1",
					"$(inherited)",
				);
				GCC_WARN_64_TO_32_BIT_CONVERSION = YES;
				GCC_WARN_ABOUT_RETURN_TYPE = YES_ERROR;
				GCC_WARN_UNDECLARED_SELECTOR = YES;
				GCC_WARN_UNINITIALIZED_AUTOS = YES_AGGRESSIVE;
				GCC_WARN_UNUSED_FUNCTION = YES;
				GCC_WARN_UNUSED_VARIABLE = YES;
				IPHONEOS_DEPLOYMENT_TARGET = 17.0;
				LOCALIZATION_PREFERS_STRING_CATALOGS = YES;
				MTL_ENABLE_DEBUG_INFO = INCLUDE_SOURCE;
				MTL_FAST_MATH = YES;
				ONLY_ACTIVE_ARCH = YES;
				SDKROOT = iphoneos;
				STRING_CATALOG_GENERATE_SYMBOLS = YES;
				SWIFT_ACTIVE_COMPILATION_CONDITIONS = "DEBUG $(inherited)";
				SWIFT_OPTIMIZATION_LEVEL = "-Onone";
			};
			name = Debug;
		};
		A1000003294A0000000000555 /* Release */ = {
			isa = XCBuildConfiguration;
			buildSettings = {
				ALWAYS_SEARCH_USER_PATHS = NO;
				ASSETCATALOG_COMPILER_GENERATE_SWIFT_ASSET_SYMBOL_EXTENSIONS = YES;
				CLANG_ANALYZER_NONNULL = YES;
				CLANG_ANALYZER_NUMBER_OBJECT_CONVERSION = YES_AGGRESSIVE;
				CLANG_CXX_LANGUAGE_STANDARD = "gnu++20";
				CLANG_ENABLE_MODULES = YES;
				CLANG_ENABLE_OBJC_ARC = YES;
				CLANG_ENABLE_OBJC_WEAK = YES;
				CLANG_WARN_BLOCK_CAPTURE_AUTORELEASING = YES;
				CLANG_WARN_BOOL_CONVERSION = YES;
				CLANG_WARN_COMMA = YES;
				CLANG_WARN_CONSTANT_CONVERSION = YES;
				CLANG_WARN_DEPRECATED_OBJC_IMPLEMENTATIONS = YES;
				CLANG_WARN_DIRECT_OBJC_ISA_USAGE = YES_ERROR;
				CLANG_WARN_DOCUMENTATION_COMMENTS = YES;
				CLANG_WARN_EMPTY_BODY = YES;
				CLANG_WARN_ENUM_CONVERSION = YES;
				CLANG_WARN_INFINITE_RECURSION = YES;
				CLANG_WARN_INT_CONVERSION = YES;
				CLANG_WARN_NON_LITERAL_NULL_CONVERSION = YES;
				CLANG_WARN_OBJC_IMPLICIT_RETAIN_SELF = YES;
				CLANG_WARN_OBJC_LITERAL_CONVERSION = YES;
				CLANG_WARN_OBJC_ROOT_CLASS = YES_ERROR;
				CLANG_WARN_QUOTED_INCLUDE_IN_FRAMEWORK_HEADER = YES;
				CLANG_WARN_RANGE_LOOP_ANALYSIS = YES;
				CLANG_WARN_STRICT_PROTOTYPES = YES;
				CLANG_WARN_SUSPICIOUS_MOVE = YES;
				CLANG_WARN_UNGUARDED_AVAILABILITY = YES_AGGRESSIVE;
				CLANG_WARN_UNREACHABLE_CODE = YES;
				CLANG_WARN__DUPLICATE_METHOD_MATCH = YES;
				COPY_PHASE_STRIP = NO;
				DEBUG_INFORMATION_FORMAT = "dwarf-with-dsym";
				DEVELOPMENT_TEAM = UDGYWMMVJS;
				ENABLE_NS_ASSERTIONS = NO;
				ENABLE_STRICT_OBJC_MSGSEND = YES;
				ENABLE_USER_SCRIPT_SANDBOXING = YES;
				GCC_C_LANGUAGE_STANDARD = gnu17;
				GCC_NO_COMMON_BLOCKS = YES;
				GCC_WARN_64_TO_32_BIT_CONVERSION = YES;
				GCC_WARN_ABOUT_RETURN_TYPE = YES_ERROR;
				GCC_WARN_UNDECLARED_SELECTOR = YES;
				GCC_WARN_UNINITIALIZED_AUTOS = YES_AGGRESSIVE;
				GCC_WARN_UNUSED_FUNCTION = YES;
				GCC_WARN_UNUSED_VARIABLE = YES;
				IPHONEOS_DEPLOYMENT_TARGET = 17.0;
				LOCALIZATION_PREFERS_STRING_CATALOGS = YES;
				MTL_ENABLE_DEBUG_INFO = NO;
				MTL_FAST_MATH = YES;
				SDKROOT = iphoneos;
				STRING_CATALOG_GENERATE_SYMBOLS = YES;
				SWIFT_COMPILATION_MODE = wholemodule;
				VALIDATE_PRODUCT = YES;
			};
			name = Release;
		};
		A1000004294A0000000000555 /* Debug */ = {
			isa = XCBuildConfiguration;
			buildSettings = {
				ASSETCATALOG_COMPILER_APPICON_NAME = AppIcon;
				ASSETCATALOG_COMPILER_GLOBAL_ACCENT_COLOR_NAME = AccentColor;
				CODE_SIGN_ALLOW_ENTITLEMENTS_MODIFICATION = YES;
				CODE_SIGN_ENTITLEMENTS = PoopDrop/PoopDrop.entitlements;
				CODE_SIGN_STYLE = Automatic;
				CURRENT_PROJECT_VERSION = 3;
				DEVELOPMENT_ASSET_PATHS = "\"PoopDrop/Preview Content\"";
				ENABLE_PREVIEWS = YES;
				GENERATE_INFOPLIST_FILE = YES;
				INFOPLIST_FILE = PoopDrop/Info.plist;
				INFOPLIST_KEY_UIApplicationSceneManifest_Generation = YES;
				INFOPLIST_KEY_UIApplicationSupportsIndirectInputEvents = YES;
				INFOPLIST_KEY_UILaunchScreen_Generation = YES;
				INFOPLIST_KEY_UISupportedInterfaceOrientations_iPad = "UIInterfaceOrientationPortrait UIInterfaceOrientationPortraitUpsideDown UIInterfaceOrientationLandscapeLeft UIInterfaceOrientationLandscapeRight";
				INFOPLIST_KEY_UISupportedInterfaceOrientations_iPhone = "UIInterfaceOrientationPortrait UIInterfaceOrientationLandscapeLeft UIInterfaceOrientationLandscapeRight";
				IPHONEOS_DEPLOYMENT_TARGET = 17.0;
				LD_RUNPATH_SEARCH_PATHS = (
					"$(inherited)",
					"@executable_path/Frameworks",
				);
				MARKETING_VERSION = 1.03;
				PRODUCT_BUNDLE_IDENTIFIER = com.thedailypoop.app;
				PRODUCT_NAME = TheDailyPoop;
				SUPPORTED_PLATFORMS = "iphoneos iphonesimulator";
				SUPPORTS_MACCATALYST = NO;
				SUPPORTS_MAC_DESIGNED_FOR_IPHONE_IPAD = NO;
				SUPPORTS_XR_DESIGNED_FOR_IPHONE_IPAD = NO;
				SWIFT_EMIT_LOC_STRINGS = YES;
				SWIFT_VERSION = 5.0;
				TARGETED_DEVICE_FAMILY = 1;
			};
			name = Debug;
		};
		A1000005294A0000000000555 /* Release */ = {
			isa = XCBuildConfiguration;
			buildSettings = {
				ASSETCATALOG_COMPILER_APPICON_NAME = AppIcon;
				ASSETCATALOG_COMPILER_GLOBAL_ACCENT_COLOR_NAME = AccentColor;
				CODE_SIGN_ALLOW_ENTITLEMENTS_MODIFICATION = YES;
				CODE_SIGN_ENTITLEMENTS = PoopDrop/PoopDrop.entitlements;
				CODE_SIGN_STYLE = Automatic;
				CURRENT_PROJECT_VERSION = 3;
				DEVELOPMENT_ASSET_PATHS = "\"PoopDrop/Preview Content\"";
				ENABLE_PREVIEWS = YES;
				GENERATE_INFOPLIST_FILE = YES;
				INFOPLIST_FILE = PoopDrop/Info.plist;
				INFOPLIST_KEY_UIApplicationSceneManifest_Generation = YES;
				INFOPLIST_KEY_UIApplicationSupportsIndirectInputEvents = YES;
				INFOPLIST_KEY_UILaunchScreen_Generation = YES;
				INFOPLIST_KEY_UISupportedInterfaceOrientations_iPad = "UIInterfaceOrientationPortrait UIInterfaceOrientationPortraitUpsideDown UIInterfaceOrientationLandscapeLeft UIInterfaceOrientationLandscapeRight";
				INFOPLIST_KEY_UISupportedInterfaceOrientations_iPhone = "UIInterfaceOrientationPortrait UIInterfaceOrientationLandscapeLeft UIInterfaceOrientationLandscapeRight";
				IPHONEOS_DEPLOYMENT_TARGET = 17.0;
				LD_RUNPATH_SEARCH_PATHS = (
					"$(inherited)",
					"@executable_path/Frameworks",
				);
				MARKETING_VERSION = 1.03;
				PRODUCT_BUNDLE_IDENTIFIER = com.thedailypoop.app;
				PRODUCT_NAME = TheDailyPoop;
				SUPPORTED_PLATFORMS = "iphoneos iphonesimulator";
				SUPPORTS_MACCATALYST = NO;
				SUPPORTS_MAC_DESIGNED_FOR_IPHONE_IPAD = NO;
				SUPPORTS_XR_DESIGNED_FOR_IPHONE_IPAD = NO;
				SWIFT_EMIT_LOC_STRINGS = YES;
				SWIFT_VERSION = 5.0;
				TARGETED_DEVICE_FAMILY = 1;
			};
			name = Release;
		};
/* End XCBuildConfiguration section */

/* Begin XCConfigurationList section */
		A1000002294A0000000000666 /* Build configuration list for PBXProject "PoopDrop" */ = {
			isa = XCConfigurationList;
			buildConfigurations = (
				A1000002294A0000000000555 /* Debug */,
				A1000003294A0000000000555 /* Release */,
			);
			defaultConfigurationIsVisible = 0;
			defaultConfigurationName = Release;
		};
		A1000002294A0000000000777 /* Build configuration list for PBXNativeTarget "PoopDrop" */ = {
			isa = XCConfigurationList;
			buildConfigurations = (
				A1000004294A0000000000555 /* Debug */,
				A1000005294A0000000000555 /* Release */,
			);
			defaultConfigurationIsVisible = 0;
			defaultConfigurationName = Release;
		};
/* End XCConfigurationList section */
	};
	rootObject = A0FFFFFF294A0000000000777 /* Project object */;
}
