// !$*UTF8*$!
{
	archiveVersion = 1;
	classes = {
	};
	objectVersion = 56;
	objects = {

/* Begin PBXBuildFile section */
		A1000001294A0000000000001 /* PoopDropApp.swift in Sources */ = {isa = PBXBuildFile; fileRef = A1000002294A0000000000001 /* PoopDropApp.swift */; };
		A1000002294A0000000000003 /* AppDelegate.swift in Sources */ = {isa = PBXBuildFile; fileRef = A1000003294A0000000000003 /* AppDelegate.swift */; };
		A1000003294A0000000000001 /* ContentView.swift in Sources */ = {isa = PBXBuildFile; fileRef = A1000004294A0000000000001 /* ContentView.swift */; };
		A1000005294A0000000000001 /* Assets.xcassets in Resources */ = {isa = PBXBuildFile; fileRef = A1000006294A0000000000001 /* Assets.xcassets */; };
		A1000007294A0000000000001 /* Preview Assets.xcassets in Resources */ = {isa = PBXBuildFile; fileRef = A1000008294A0000000000001 /* Preview Assets.xcassets */; };
		A1000009294A0000000000001 /* User.swift in Sources */ = {isa = PBXBuildFile; fileRef = A100000A294A0000000000001 /* User.swift */; };
		A100000B294A0000000000001 /* Drop.swift in Sources */ = {isa = PBXBuildFile; fileRef = A100000C294A0000000000001 /* Drop.swift */; };
		A100000D294A0000000000001 /* SponsorCampaign.swift in Sources */ = {isa = PBXBuildFile; fileRef = A100000E294A0000000000001 /* SponsorCampaign.swift */; };
		A100000F294A0000000000001 /* AuthenticationManager.swift in Sources */ = {isa = PBXBuildFile; fileRef = A1000010294A0000000000001 /* AuthenticationManager.swift */; };
		A1000011294A0000000000001 /* SubscriptionManager.swift in Sources */ = {isa = PBXBuildFile; fileRef = A1000012294A0000000000001 /* SubscriptionManager.swift */; };
		A1000013294A0000000000001 /* CloudKitManager.swift in Sources */ = {isa = PBXBuildFile; fileRef = A1000014294A0000000000001 /* CloudKitManager.swift */; };
		A1000015294A0000000000001 /* LocationManager.swift in Sources */ = {isa = PBXBuildFile; fileRef = A1000016294A0000000000001 /* LocationManager.swift */; };
		A1000017294A0000000000001 /* MainTabView.swift in Sources */ = {isa = PBXBuildFile; fileRef = A1000018294A0000000000001 /* MainTabView.swift */; };
		A1000019294A0000000000001 /* FeedView.swift in Sources */ = {isa = PBXBuildFile; fileRef = A100001A294A0000000000001 /* FeedView.swift */; };
		A100001B294A0000000000001 /* MapView.swift in Sources */ = {isa = PBXBuildFile; fileRef = A100001C294A0000000000001 /* MapView.swift */; };
		A100001D294A0000000000001 /* DropComposerView.swift in Sources */ = {isa = PBXBuildFile; fileRef = A100001E294A0000000000001 /* DropComposerView.swift */; };
		A100001F294A0000000000001 /* LeaderboardView.swift in Sources */ = {isa = PBXBuildFile; fileRef = A1000020294A0000000000001 /* LeaderboardView.swift */; };
		A1000021294A0000000000001 /* ProfileView.swift in Sources */ = {isa = PBXBuildFile; fileRef = A1000022294A0000000000001 /* ProfileView.swift */; };
		A1000023294A0000000000001 /* ReactionBarView.swift in Sources */ = {isa = PBXBuildFile; fileRef = A1000024294A0000000000001 /* ReactionBarView.swift */; };
		A1000025294A0000000000001 /* DropCardView.swift in Sources */ = {isa = PBXBuildFile; fileRef = A1000026294A0000000000001 /* DropCardView.swift */; };
		A1000027294A0000000000001 /* StringExtensions.swift in Sources */ = {isa = PBXBuildFile; fileRef = A1000028294A0000000000001 /* StringExtensions.swift */; };
		A1000029294A0000000000001 /* AuthenticationView.swift in Sources */ = {isa = PBXBuildFile; fileRef = A100002A294A0000000000001 /* AuthenticationView.swift */; };
		A100002B294A0000000000001 /* OnboardingView.swift in Sources */ = {isa = PBXBuildFile; fileRef = A100002C294A0000000000001 /* OnboardingView.swift */; };
		A100002D294A0000000000002 /* Badge.swift in Sources */ = {isa = PBXBuildFile; fileRef = A100002E294A0000000000002 /* Badge.swift */; };
		A100002F294A0000000000002 /* Friendship.swift in Sources */ = {isa = PBXBuildFile; fileRef = A1000030294A0000000000002 /* Friendship.swift */; };
		A1000031294A0000000000002 /* Notification.swift in Sources */ = {isa = PBXBuildFile; fileRef = A1000032294A0000000000002 /* Notification.swift */; };
		A1000033294A0000000000002 /* Reaction.swift in Sources */ = {isa = PBXBuildFile; fileRef = A1000034294A0000000000002 /* Reaction.swift */; };
		A1000035294A0000000000002 /* UserSession.swift in Sources */ = {isa = PBXBuildFile; fileRef = A1000036294A0000000000002 /* UserSession.swift */; };
		A1000037294A0000000000002 /* AdManager.swift in Sources */ = {isa = PBXBuildFile; fileRef = A1000038294A0000000000002 /* AdManager.swift */; };
		A1000039294A0000000000002 /* AnimationManager.swift in Sources */ = {isa = PBXBuildFile; fileRef = A100003A294A0000000000002 /* AnimationManager.swift */; };
		A100003B294A0000000000002 /* FriendsManager.swift in Sources */ = {isa = PBXBuildFile; fileRef = A100003C294A0000000000002 /* FriendsManager.swift */; };
		A100003D294A0000000000002 /* NotificationHandler.swift in Sources */ = {isa = PBXBuildFile; fileRef = A100003E294A0000000000002 /* NotificationHandler.swift */; };
		A100003F294A0000000000002 /* NotificationManager.swift in Sources */ = {isa = PBXBuildFile; fileRef = A1000040294A0000000000002 /* NotificationManager.swift */; };
		A1000041294A0000000000002 /* FriendsView.swift in Sources */ = {isa = PBXBuildFile; fileRef = A1000042294A0000000000002 /* FriendsView.swift */; };
		A1000043294A0000000000002 /* MapBannerAdView.swift in Sources */ = {isa = PBXBuildFile; fileRef = A1000044294A0000000000002 /* MapBannerAdView.swift */; };
		A1000045294A0000000000002 /* NativeAdCardView.swift in Sources */ = {isa = PBXBuildFile; fileRef = A1000046294A0000000000002 /* NativeAdCardView.swift */; };
		A1000047294A0000000000002 /* ProfilePictureEditor.swift in Sources */ = {isa = PBXBuildFile; fileRef = A1000048294A0000000000002 /* ProfilePictureEditor.swift */; };
		A1000049294A0000000000002 /* ProfileSetupView.swift in Sources */ = {isa = PBXBuildFile; fileRef = A100004A294A0000000000002 /* ProfileSetupView.swift */; };
		A100004B294A0000000000002 /* SnapchatStyleMapView.swift in Sources */ = {isa = PBXBuildFile; fileRef = A100004C294A0000000000002 /* SnapchatStyleMapView.swift */; };
		A100004D294A0000000000002 /* StreakView.swift in Sources */ = {isa = PBXBuildFile; fileRef = A100004E294A0000000000002 /* StreakView.swift */; };
		DCD130952E8B3BCE00F717FC /* GoogleMobileAds in Frameworks */ = {isa = PBXBuildFile; productRef = DCD130942E8B3BCE00F717FC /* GoogleMobileAds */; };
		BCDC470159A99D640A798079 /* HowItWorksView.swift in Sources */ = {isa = PBXBuildFile; fileRef = C017F38432C0902A18CF636D /* HowItWorksView.swift */; };
		D9AC1536EA6A48F4FEAFB2CE /* ContactView.swift in Sources */ = {isa = PBXBuildFile; fileRef = 27F25651DCDE162B6C18444A /* ContactView.swift */; };
		9122A731B4202D13CB528ADC /* TermsOfServiceView.swift in Sources */ = {isa = PBXBuildFile; fileRef = 119BCB7C76A3A13ECAA1ECFC /* TermsOfServiceView.swift */; };
		18C93C69C717BE42F314D4B1 /* PrivacyPolicyView.swift in Sources */ = {isa = PBXBuildFile; fileRef = 4210E055649FE550A178E211 /* PrivacyPolicyView.swift */; };
/* End PBXBuildFile section */

/* Begin PBXFileReference section */
		A1000001294A0000000000000 /* PoopDrop.app */ = {isa = PBXFileReference; explicitFileType = wrapper.application; includeInIndex = 0; path = PoopDrop.app; sourceTree = BUILT_PRODUCTS_DIR; };
		A1000002294A0000000000001 /* PoopDropApp.swift */ = {isa = PBXFileReference; lastKnownFileType = sourcecode.swift; path = PoopDropApp.swift; sourceTree = "<group>"; };
		A1000003294A0000000000003 /* AppDelegate.swift */ = {isa = PBXFileReference; lastKnownFileType = sourcecode.swift; path = AppDelegate.swift; sourceTree = "<group>"; };
		A1000004294A0000000000001 /* ContentView.swift */ = {isa = PBXFileReference; lastKnownFileType = sourcecode.swift; path = ContentView.swift; sourceTree = "<group>"; };
		A1000006294A0000000000001 /* Assets.xcassets */ = {isa = PBXFileReference; lastKnownFileType = folder.assetcatalog; path = Assets.xcassets; sourceTree = "<group>"; };
		A1000008294A0000000000001 /* Preview Assets.xcassets */ = {isa = PBXFileReference; lastKnownFileType = folder.assetcatalog; path = "Preview Assets.xcassets"; sourceTree = "<group>"; };
		A100000A294A0000000000001 /* User.swift */ = {isa = PBXFileReference; lastKnownFileType = sourcecode.swift; path = User.swift; sourceTree = "<group>"; };
		A100000C294A0000000000001 /* Drop.swift */ = {isa = PBXFileReference; lastKnownFileType = sourcecode.swift; path = Drop.swift; sourceTree = "<group>"; };
		A100000E294A0000000000001 /* SponsorCampaign.swift */ = {isa = PBXFileReference; lastKnownFileType = sourcecode.swift; path = SponsorCampaign.swift; sourceTree = "<group>"; };
		A1000010294A0000000000001 /* AuthenticationManager.swift */ = {isa = PBXFileReference; lastKnownFileType = sourcecode.swift; path = AuthenticationManager.swift; sourceTree = "<group>"; };
		A1000012294A0000000000001 /* SubscriptionManager.swift */ = {isa = PBXFileReference; lastKnownFileType = sourcecode.swift; path = SubscriptionManager.swift; sourceTree = "<group>"; };
		A1000014294A0000000000001 /* CloudKitManager.swift */ = {isa = PBXFileReference; lastKnownFileType = sourcecode.swift; path = CloudKitManager.swift; sourceTree = "<group>"; };
		A1000016294A0000000000001 /* LocationManager.swift */ = {isa = PBXFileReference; lastKnownFileType = sourcecode.swift; path = LocationManager.swift; sourceTree = "<group>"; };
		A1000018294A0000000000001 /* MainTabView.swift */ = {isa = PBXFileReference; lastKnownFileType = sourcecode.swift; path = MainTabView.swift; sourceTree = "<group>"; };
		A100001A294A0000000000001 /* FeedView.swift */ = {isa = PBXFileReference; lastKnownFileType = sourcecode.swift; path = FeedView.swift; sourceTree = "<group>"; };
		A100001C294A0000000000001 /* MapView.swift */ = {isa = PBXFileReference; lastKnownFileType = sourcecode.swift; path = MapView.swift; sourceTree = "<group>"; };
		A100001E294A0000000000001 /* DropComposerView.swift */ = {isa = PBXFileReference; lastKnownFileType = sourcecode.swift; path = DropComposerView.swift; sourceTree = "<group>"; };
		A1000020294A0000000000001 /* LeaderboardView.swift */ = {isa = PBXFileReference; lastKnownFileType = sourcecode.swift; path = LeaderboardView.swift; sourceTree = "<group>"; };
		A1000022294A0000000000001 /* ProfileView.swift */ = {isa = PBXFileReference; lastKnownFileType = sourcecode.swift; path = ProfileView.swift; sourceTree = "<group>"; };
		A1000024294A0000000000001 /* ReactionBarView.swift */ = {isa = PBXFileReference; lastKnownFileType = sourcecode.swift; path = ReactionBarView.swift; sourceTree = "<group>"; };
		A1000026294A0000000000001 /* DropCardView.swift */ = {isa = PBXFileReference; lastKnownFileType = sourcecode.swift; path = DropCardView.swift; sourceTree = "<group>"; };
		A1000028294A0000000000001 /* StringExtensions.swift */ = {isa = PBXFileReference; lastKnownFileType = sourcecode.swift; path = StringExtensions.swift; sourceTree = "<group>"; };
		A100002A294A0000000000001 /* AuthenticationView.swift */ = {isa = PBXFileReference; lastKnownFileType = sourcecode.swift; path = AuthenticationView.swift; sourceTree = "<group>"; };
		A100002C294A0000000000001 /* OnboardingView.swift */ = {isa = PBXFileReference; lastKnownFileType = sourcecode.swift; path = OnboardingView.swift; sourceTree = "<group>"; };
		A100002D294A0000000000001 /* Info.plist */ = {isa = PBXFileReference; lastKnownFileType = text.plist.xml; path = Info.plist; sourceTree = "<group>"; };
		A100002E294A0000000000001 /* PoopDrop.entitlements */ = {isa = PBXFileReference; lastKnownFileType = text.plist.entitlements; path = PoopDrop.entitlements; sourceTree = "<group>"; };
		A100002E294A0000000000002 /* Badge.swift */ = {isa = PBXFileReference; lastKnownFileType = sourcecode.swift; path = Badge.swift; sourceTree = "<group>"; };
		A1000030294A0000000000002 /* Friendship.swift */ = {isa = PBXFileReference; lastKnownFileType = sourcecode.swift; path = Friendship.swift; sourceTree = "<group>"; };
		A1000032294A0000000000002 /* Notification.swift */ = {isa = PBXFileReference; lastKnownFileType = sourcecode.swift; path = Notification.swift; sourceTree = "<group>"; };
		A1000034294A0000000000002 /* Reaction.swift */ = {isa = PBXFileReference; lastKnownFileType = sourcecode.swift; path = Reaction.swift; sourceTree = "<group>"; };
		A1000036294A0000000000002 /* UserSession.swift */ = {isa = PBXFileReference; lastKnownFileType = sourcecode.swift; path = UserSession.swift; sourceTree = "<group>"; };
		A1000038294A0000000000002 /* AdManager.swift */ = {isa = PBXFileReference; lastKnownFileType = sourcecode.swift; path = AdManager.swift; sourceTree = "<group>"; };
		A100003A294A0000000000002 /* AnimationManager.swift */ = {isa = PBXFileReference; lastKnownFileType = sourcecode.swift; path = AnimationManager.swift; sourceTree = "<group>"; };
		A100003C294A0000000000002 /* FriendsManager.swift */ = {isa = PBXFileReference; lastKnownFileType = sourcecode.swift; path = FriendsManager.swift; sourceTree = "<group>"; };
		A100003E294A0000000000002 /* NotificationHandler.swift */ = {isa = PBXFileReference; lastKnownFileType = sourcecode.swift; path = NotificationHandler.swift; sourceTree = "<group>"; };
		A1000040294A0000000000002 /* NotificationManager.swift */ = {isa = PBXFileReference; lastKnownFileType = sourcecode.swift; path = NotificationManager.swift; sourceTree = "<group>"; };
		A1000042294A0000000000002 /* FriendsView.swift */ = {isa = PBXFileReference; lastKnownFileType = sourcecode.swift; path = FriendsView.swift; sourceTree = "<group>"; };
		A1000044294A0000000000002 /* MapBannerAdView.swift */ = {isa = PBXFileReference; lastKnownFileType = sourcecode.swift; path = MapBannerAdView.swift; sourceTree = "<group>"; };
		A1000046294A0000000000002 /* NativeAdCardView.swift */ = {isa = PBXFileReference; lastKnownFileType = sourcecode.swift; path = NativeAdCardView.swift; sourceTree = "<group>"; };
		A1000048294A0000000000002 /* ProfilePictureEditor.swift */ = {isa = PBXFileReference; lastKnownFileType = sourcecode.swift; path = ProfilePictureEditor.swift; sourceTree = "<group>"; };
		A100004A294A0000000000002 /* ProfileSetupView.swift */ = {isa = PBXFileReference; lastKnownFileType = sourcecode.swift; path = ProfileSetupView.swift; sourceTree = "<group>"; };
		A100004C294A0000000000002 /* SnapchatStyleMapView.swift */ = {isa = PBXFileReference; lastKnownFileType = sourcecode.swift; path = SnapchatStyleMapView.swift; sourceTree = "<group>"; };
		A100004E294A0000000000002 /* StreakView.swift */ = {isa = PBXFileReference; lastKnownFileType = sourcecode.swift; path = StreakView.swift; sourceTree = "<group>"; };
		C017F38432C0902A18CF636D /* HowItWorksView.swift */ = {isa = PBXFileReference; lastKnownFileType = sourcecode.swift; path = HowItWorksView.swift; sourceTree = "<group>"; };
		27F25651DCDE162B6C18444A /* ContactView.swift */ = {isa = PBXFileReference; lastKnownFileType = sourcecode.swift; path = ContactView.swift; sourceTree = "<group>"; };
		119BCB7C76A3A13ECAA1ECFC /* TermsOfServiceView.swift */ = {isa = PBXFileReference; lastKnownFileType = sourcecode.swift; path = TermsOfServiceView.swift; sourceTree = "<group>"; };
		4210E055649FE550A178E211 /* PrivacyPolicyView.swift */ = {isa = PBXFileReference; lastKnownFileType = sourcecode.swift; path = PrivacyPolicyView.swift; sourceTree = "<group>"; };
/* End PBXFileReference section */

/* Begin PBXFrameworksBuildPhase section */
		A0FFFFFF294A0000000000999 /* Frameworks */ = {
			isa = PBXFrameworksBuildPhase;
			buildActionMask = 2147483647;
			files = (
				DCD130952E8B3BCE00F717FC /* GoogleMobileAds in Frameworks */,
			);
			runOnlyForDeploymentPostprocessing = 0;
		};
/* End PBXFrameworksBuildPhase section */

/* Begin PBXGroup section */
		A0FFFFFF294A0000000000888 = {
			isa = PBXGroup;
			children = (
				A1000003294A0000000000888 /* PoopDrop */,
				A1000002294A0000000000888 /* Products */,
			);
			sourceTree = "<group>";
		};
		A1000002294A0000000000888 /* Products */ = {
			isa = PBXGroup;
			children = (
				A1000001294A0000000000000 /* PoopDrop.app */,
			);
			name = Products;
			sourceTree = "<group>";
		};
		A1000003294A0000000000888 /* PoopDrop */ = {
			isa = PBXGroup;
			children = (
				A1000002294A0000000000001 /* PoopDropApp.swift */,
				A1000003294A0000000000003 /* AppDelegate.swift */,
				A1000004294A0000000000001 /* ContentView.swift */,
				A100002D294A0000000000001 /* Info.plist */,
				A100002E294A0000000000001 /* PoopDrop.entitlements */,
				A1000030294A0000000000888 /* Models */,
				A1000031294A0000000000888 /* Managers */,
				A1000032294A0000000000888 /* Views */,
				A1000033294A0000000000888 /* Extensions */,
				A1000006294A0000000000001 /* Assets.xcassets */,
				A1000009294A0000000000888 /* Preview Content */,
			);
			path = PoopDrop;
			sourceTree = "<group>";
		};
		A1000009294A0000000000888 /* Preview Content */ = {
			isa = PBXGroup;
			children = (
				A1000008294A0000000000001 /* Preview Assets.xcassets */,
			);
			path = "Preview Content";
			sourceTree = "<group>";
		};
		A1000030294A0000000000888 /* Models */ = {
			isa = PBXGroup;
			children = (
				A100000A294A0000000000001 /* User.swift */,
				A100000C294A0000000000001 /* Drop.swift */,
				A100000E294A0000000000001 /* SponsorCampaign.swift */,
				A100002E294A0000000000002 /* Badge.swift */,
				A1000030294A0000000000002 /* Friendship.swift */,
				A1000032294A0000000000002 /* Notification.swift */,
				A1000034294A0000000000002 /* Reaction.swift */,
				A1000036294A0000000000002 /* UserSession.swift */,
			);
			path = Models;
			sourceTree = "<group>";
		};
		A1000031294A0000000000888 /* Managers */ = {
			isa = PBXGroup;
			children = (
				A1000010294A0000000000001 /* AuthenticationManager.swift */,
				A1000012294A0000000000001 /* SubscriptionManager.swift */,
				A1000014294A0000000000001 /* CloudKitManager.swift */,
				A1000016294A0000000000001 /* LocationManager.swift */,
				A1000038294A0000000000002 /* AdManager.swift */,
				A100003A294A0000000000002 /* AnimationManager.swift */,
				A100003C294A0000000000002 /* FriendsManager.swift */,
				A100003E294A0000000000002 /* NotificationHandler.swift */,
				A1000040294A0000000000002 /* NotificationManager.swift */,
			);
			path = Managers;
			sourceTree = "<group>";
		};
		A1000032294A0000000000888 /* Views */ = {
			isa = PBXGroup;
			children = (
				A1000018294A0000000000001 /* MainTabView.swift */,
				A100001A294A0000000000001 /* FeedView.swift */,
				A100001C294A0000000000001 /* MapView.swift */,
				A100001E294A0000000000001 /* DropComposerView.swift */,
				A1000020294A0000000000001 /* LeaderboardView.swift */,
				A1000022294A0000000000001 /* ProfileView.swift */,
				A1000024294A0000000000001 /* ReactionBarView.swift */,
				A1000026294A0000000000001 /* DropCardView.swift */,
				A100002A294A0000000000001 /* AuthenticationView.swift */,
				A100002C294A0000000000001 /* OnboardingView.swift */,
				A1000042294A0000000000002 /* FriendsView.swift */,
				A1000044294A0000000000002 /* MapBannerAdView.swift */,
				A1000046294A0000000000002 /* NativeAdCardView.swift */,
				A1000048294A0000000000002 /* ProfilePictureEditor.swift */,
				A100004A294A0000000000002 /* ProfileSetupView.swift */,
				A100004C294A0000000000002 /* SnapchatStyleMapView.swift */,
				A100004E294A0000000000002 /* StreakView.swift */,
			
				C017F38432C0902A18CF636D /* HowItWorksView.swift */,
				27F25651DCDE162B6C18444A /* ContactView.swift */,
				119BCB7C76A3A13ECAA1ECFC /* TermsOfServiceView.swift */,
				4210E055649FE550A178E211 /* PrivacyPolicyView.swift */,);
			path = Views;
			sourceTree = "<group>";
		};
		A1000033294A0000000000888 /* Extensions */ = {
			isa = PBXGroup;
			children = (
				A1000028294A0000000000001 /* StringExtensions.swift */,
			);
			path = Extensions;
			sourceTree = "<group>";
		};
/* End PBXGroup section */

/* Begin PBXNativeTarget section */
		A1000000294A0000000000000 /* PoopDrop */ = {
			isa = PBXNativeTarget;
			buildConfigurationList = A1000002294A0000000000777 /* Build configuration list for PBXNativeTarget "PoopDrop" */;
			buildPhases = (
				A0FFFFFF294A0000000000998 /* Sources */,
				A0FFFFFF294A0000000000999 /* Frameworks */,
				A1000001294A0000000000777 /* Resources */,
			);
			buildRules = (
			);
			dependencies = (
			);
			name = PoopDrop;
			productName = PoopDrop;
			productReference = A1000001294A0000000000000 /* PoopDrop.app */;
			productType = "com.apple.product-type.application";
		};
/* End PBXNativeTarget section */

/* Begin PBXProject section */
		A0FFFFFF294A0000000000777 /* Project object */ = {
			isa = PBXProject;
			attributes = {
				BuildIndependentTargetsInParallel = 1;
				LastSwiftUpdateCheck = 1500;
				LastUpgradeCheck = 1500;
				TargetAttributes = {
					A1000000294A0000000000000 = {
						CreatedOnToolsVersion = 15.0;
					};
				};
			};
			buildConfigurationList = A1000002294A0000000000666 /* Build configuration list for PBXProject "PoopDrop" */;
			compatibilityVersion = "Xcode 14.0";
			developmentRegion = en;
			hasScannedForEncodings = 0;
			knownRegions = (
				en,
				Base,
			);
			mainGroup = A0FFFFFF294A0000000000888;
			packageReferences = (
				DCD130932E8B3BCE00F717FC /* XCRemoteSwiftPackageReference "swift-package-manager-google-mobile-ads" */,
			);
			productRefGroup = A1000002294A0000000000888 /* Products */;
			projectDirPath = "";
			projectRoot = "";
			targets = (
				A1000000294A0000000000000 /* PoopDrop */,
			);
		};
/* End PBXProject section */

/* Begin PBXResourcesBuildPhase section */
		A1000001294A0000000000777 /* Resources */ = {
			isa = PBXResourcesBuildPhase;
			buildActionMask = 2147483647;
			files = (
				A1000007294A0000000000001 /* Preview Assets.xcassets in Resources */,
				A1000005294A0000000000001 /* Assets.xcassets in Resources */,
			);
			runOnlyForDeploymentPostprocessing = 0;
		};
/* End PBXResourcesBuildPhase section */

/* Begin PBXSourcesBuildPhase section */
		A0FFFFFF294A0000000000998 /* Sources */ = {
			isa = PBXSourcesBuildPhase;
			buildActionMask = 2147483647;
			files = (
				A1000001294A0000000000001 /* PoopDropApp.swift in Sources */,
				A1000002294A0000000000003 /* AppDelegate.swift in Sources */,
				A1000003294A0000000000001 /* ContentView.swift in Sources */,
				A1000009294A0000000000001 /* User.swift in Sources */,
				A100000B294A0000000000001 /* Drop.swift in Sources */,
				A100000D294A0000000000001 /* SponsorCampaign.swift in Sources */,
				A100000F294A0000000000001 /* AuthenticationManager.swift in Sources */,
				A1000011294A0000000000001 /* SubscriptionManager.swift in Sources */,
				A1000013294A0000000000001 /* CloudKitManager.swift in Sources */,
				A1000015294A0000000000001 /* LocationManager.swift in Sources */,
				A1000017294A0000000000001 /* MainTabView.swift in Sources */,
				A1000019294A0000000000001 /* FeedView.swift in Sources */,
				A100001B294A0000000000001 /* MapView.swift in Sources */,
				A100001D294A0000000000001 /* DropComposerView.swift in Sources */,
				A100001F294A0000000000001 /* LeaderboardView.swift in Sources */,
				A1000021294A0000000000001 /* ProfileView.swift in Sources */,
				A1000023294A0000000000001 /* ReactionBarView.swift in Sources */,
				A1000025294A0000000000001 /* DropCardView.swift in Sources */,
				A1000027294A0000000000001 /* StringExtensions.swift in Sources */,
				A1000029294A0000000000001 /* AuthenticationView.swift in Sources */,
				A100002B294A0000000000001 /* OnboardingView.swift in Sources */,
				A100002D294A0000000000002 /* Badge.swift in Sources */,
				A100002F294A0000000000002 /* Friendship.swift in Sources */,
				A1000031294A0000000000002 /* Notification.swift in Sources */,
				A1000033294A0000000000002 /* Reaction.swift in Sources */,
				A1000035294A0000000000002 /* UserSession.swift in Sources */,
				A1000037294A0000000000002 /* AdManager.swift in Sources */,
				A1000039294A0000000000002 /* AnimationManager.swift in Sources */,
				A100003B294A0000000000002 /* FriendsManager.swift in Sources */,
				A100003D294A0000000000002 /* NotificationHandler.swift in Sources */,
				A100003F294A0000000000002 /* NotificationManager.swift in Sources */,
				A1000041294A0000000000002 /* FriendsView.swift in Sources */,
				A1000043294A0000000000002 /* MapBannerAdView.swift in Sources */,
				A1000045294A0000000000002 /* NativeAdCardView.swift in Sources */,
				A1000047294A0000000000002 /* ProfilePictureEditor.swift in Sources */,
				A1000049294A0000000000002 /* ProfileSetupView.swift in Sources */,
				A100004B294A0000000000002 /* SnapchatStyleMapView.swift in Sources */,
				A100004D294A0000000000002 /* StreakView.swift in Sources */,
			
				BCDC470159A99D640A798079 /* HowItWorksView.swift in Sources */,
				D9AC1536EA6A48F4FEAFB2CE /* ContactView.swift in Sources */,
				9122A731B4202D13CB528ADC /* TermsOfServiceView.swift in Sources */,
				18C93C69C717BE42F314D4B1 /* PrivacyPolicyView.swift in Sources */,);
			runOnlyForDeploymentPostprocessing = 0;
		};
/* End PBXSourcesBuildPhase section */

/* Begin XCBuildConfiguration section */
		A1000002294A0000000000555 /* Debug */ = {
			isa = XCBuildConfiguration;
			buildSettings = {
				ALWAYS_SEARCH_USER_PATHS = NO;
				ASSETCATALOG_COMPILER_GENERATE_SWIFT_ASSET_SYMBOL_EXTENSIONS = YES;
				CLANG_ANALYZER_NONNULL = YES;
				CLANG_ANALYZER_NUMBER_OBJECT_CONVERSION = YES_AGGRESSIVE;
				CLANG_CXX_LANGUAGE_STANDARD = "gnu++20";
				CLANG_ENABLE_MODULES = YES;
				CLANG_ENABLE_OBJC_ARC = YES;
				CLANG_ENABLE_OBJC_WEAK = YES;
				CLANG_WARN_BLOCK_CAPTURE_AUTORELEASING = YES;
				CLANG_WARN_BOOL_CONVERSION = YES;
				CLANG_WARN_COMMA = YES;
				CLANG_WARN_CONSTANT_CONVERSION = YES;
				CLANG_WARN_DEPRECATED_OBJC_IMPLEMENTATIONS = YES;
				CLANG_WARN_DIRECT_OBJC_ISA_USAGE = YES_ERROR;
				CLANG_WARN_DOCUMENTATION_COMMENTS = YES;
				CLANG_WARN_EMPTY_BODY = YES;
				CLANG_WARN_ENUM_CONVERSION = YES;
				CLANG_WARN_INFINITE_RECURSION = YES;
				CLANG_WARN_INT_CONVERSION = YES;
				CLANG_WARN_NON_LITERAL_NULL_CONVERSION = YES;
				CLANG_WARN_OBJC_IMPLICIT_RETAIN_SELF = YES;
				CLANG_WARN_OBJC_LITERAL_CONVERSION = YES;
				CLANG_WARN_OBJC_ROOT_CLASS = YES_ERROR;
				CLANG_WARN_QUOTED_INCLUDE_IN_FRAMEWORK_HEADER = YES;
				CLANG_WARN_RANGE_LOOP_ANALYSIS = YES;
				CLANG_WARN_STRICT_PROTOTYPES = YES;
				CLANG_WARN_SUSPICIOUS_MOVE = YES;
				CLANG_WARN_UNGUARDED_AVAILABILITY = YES_AGGRESSIVE;
				CLANG_WARN_UNREACHABLE_CODE = YES;
				CLANG_WARN__DUPLICATE_METHOD_MATCH = YES;
				COPY_PHASE_STRIP = NO;
				DEBUG_INFORMATION_FORMAT = "dwarf-with-dsym";
				ENABLE_STRICT_OBJC_MSGSEND = YES;
				ENABLE_TESTABILITY = YES;
				ENABLE_USER_SCRIPT_SANDBOXING = YES;
				GCC_C_LANGUAGE_STANDARD = gnu17;
				GCC_DYNAMIC_NO_PIC = NO;
				GCC_NO_COMMON_BLOCKS = YES;
				GCC_OPTIMIZATION_LEVEL = 0;
				GCC_PREPROCESSOR_DEFINITIONS = (
					"DEBUG=1",
					"$(inherited)",
				);
				GCC_WARN_64_TO_32_BIT_CONVERSION = YES;
				GCC_WARN_ABOUT_RETURN_TYPE = YES_ERROR;
				GCC_WARN_UNDECLARED_SELECTOR = YES;
				GCC_WARN_UNINITIALIZED_AUTOS = YES_AGGRESSIVE;
				GCC_WARN_UNUSED_FUNCTION = YES;
				GCC_WARN_UNUSED_VARIABLE = YES;
				IPHONEOS_DEPLOYMENT_TARGET = 17.0;
				LOCALIZATION_PREFERS_STRING_CATALOGS = YES;
				MTL_ENABLE_DEBUG_INFO = INCLUDE_SOURCE;
				MTL_FAST_MATH = YES;
				ONLY_ACTIVE_ARCH = YES;
				SDKROOT = iphoneos;
				SWIFT_ACTIVE_COMPILATION_CONDITIONS = "DEBUG $(inherited)";
				SWIFT_OPTIMIZATION_LEVEL = "-Onone";
			};
			name = Debug;
		};
		A1000003294A0000000000555 /* Release */ = {
			isa = XCBuildConfiguration;
			buildSettings = {
				ALWAYS_SEARCH_USER_PATHS = NO;
				ASSETCATALOG_COMPILER_GENERATE_SWIFT_ASSET_SYMBOL_EXTENSIONS = YES;
				CLANG_ANALYZER_NONNULL = YES;
				CLANG_ANALYZER_NUMBER_OBJECT_CONVERSION = YES_AGGRESSIVE;
				CLANG_CXX_LANGUAGE_STANDARD = "gnu++20";
				CLANG_ENABLE_MODULES = YES;
				CLANG_ENABLE_OBJC_ARC = YES;
				CLANG_ENABLE_OBJC_WEAK = YES;
				CLANG_WARN_BLOCK_CAPTURE_AUTORELEASING = YES;
				CLANG_WARN_BOOL_CONVERSION = YES;
				CLANG_WARN_COMMA = YES;
				CLANG_WARN_CONSTANT_CONVERSION = YES;
				CLANG_WARN_DEPRECATED_OBJC_IMPLEMENTATIONS = YES;
				CLANG_WARN_DIRECT_OBJC_ISA_USAGE = YES_ERROR;
				CLANG_WARN_DOCUMENTATION_COMMENTS = YES;
				CLANG_WARN_EMPTY_BODY = YES;
				CLANG_WARN_ENUM_CONVERSION = YES;
				CLANG_WARN_INFINITE_RECURSION = YES;
				CLANG_WARN_INT_CONVERSION = YES;
				CLANG_WARN_NON_LITERAL_NULL_CONVERSION = YES;
				CLANG_WARN_OBJC_IMPLICIT_RETAIN_SELF = YES;
				CLANG_WARN_OBJC_LITERAL_CONVERSION = YES;
				CLANG_WARN_OBJC_ROOT_CLASS = YES_ERROR;
				CLANG_WARN_QUOTED_INCLUDE_IN_FRAMEWORK_HEADER = YES;
				CLANG_WARN_RANGE_LOOP_ANALYSIS = YES;
				CLANG_WARN_STRICT_PROTOTYPES = YES;
				CLANG_WARN_SUSPICIOUS_MOVE = YES;
				CLANG_WARN_UNGUARDED_AVAILABILITY = YES_AGGRESSIVE;
				CLANG_WARN_UNREACHABLE_CODE = YES;
				CLANG_WARN__DUPLICATE_METHOD_MATCH = YES;
				COPY_PHASE_STRIP = NO;
				DEBUG_INFORMATION_FORMAT = "dwarf-with-dsym";
				ENABLE_NS_ASSERTIONS = NO;
				ENABLE_STRICT_OBJC_MSGSEND = YES;
				ENABLE_USER_SCRIPT_SANDBOXING = YES;
				GCC_C_LANGUAGE_STANDARD = gnu17;
				GCC_NO_COMMON_BLOCKS = YES;
				GCC_WARN_64_TO_32_BIT_CONVERSION = YES;
				GCC_WARN_ABOUT_RETURN_TYPE = YES_ERROR;
				GCC_WARN_UNDECLARED_SELECTOR = YES;
				GCC_WARN_UNINITIALIZED_AUTOS = YES_AGGRESSIVE;
				GCC_WARN_UNUSED_FUNCTION = YES;
				GCC_WARN_UNUSED_VARIABLE = YES;
				IPHONEOS_DEPLOYMENT_TARGET = 17.0;
				LOCALIZATION_PREFERS_STRING_CATALOGS = YES;
				MTL_ENABLE_DEBUG_INFO = NO;
				MTL_FAST_MATH = YES;
				SDKROOT = iphoneos;
				SWIFT_COMPILATION_MODE = wholemodule;
				VALIDATE_PRODUCT = YES;
			};
			name = Release;
		};
		A1000004294A0000000000555 /* Debug */ = {
			isa = XCBuildConfiguration;
			buildSettings = {
				ASSETCATALOG_COMPILER_APPICON_NAME = AppIcon;
				ASSETCATALOG_COMPILER_GLOBAL_ACCENT_COLOR_NAME = AccentColor;
				CODE_SIGN_ENTITLEMENTS = PoopDrop/PoopDrop.entitlements;
				CODE_SIGN_ALLOW_ENTITLEMENTS_MODIFICATION = YES;
				CODE_SIGN_STYLE = Automatic;
				CURRENT_PROJECT_VERSION = 1;
				DEVELOPMENT_ASSET_PATHS = "\"PoopDrop/Preview Content\"";
				DEVELOPMENT_TEAM = UDGYWMMVJS;
				ENABLE_PREVIEWS = YES;
				GENERATE_INFOPLIST_FILE = YES;
				INFOPLIST_FILE = PoopDrop/Info.plist;
				INFOPLIST_KEY_UIApplicationSceneManifest_Generation = YES;
				INFOPLIST_KEY_UIApplicationSupportsIndirectInputEvents = YES;
				INFOPLIST_KEY_UILaunchScreen_Generation = YES;
				INFOPLIST_KEY_UISupportedInterfaceOrientations_iPad = "UIInterfaceOrientationPortrait UIInterfaceOrientationPortraitUpsideDown UIInterfaceOrientationLandscapeLeft UIInterfaceOrientationLandscapeRight";
				INFOPLIST_KEY_UISupportedInterfaceOrientations_iPhone = "UIInterfaceOrientationPortrait UIInterfaceOrientationLandscapeLeft UIInterfaceOrientationLandscapeRight";
				IPHONEOS_DEPLOYMENT_TARGET = 17.0;
				LD_RUNPATH_SEARCH_PATHS = (
					"$(inherited)",
					"@executable_path/Frameworks",
				);
				MARKETING_VERSION = 1.0;
				PRODUCT_BUNDLE_IDENTIFIER = com.thedailypoop.app;
				PRODUCT_NAME = TheDailyPoop;
				SUPPORTED_PLATFORMS = "iphoneos iphonesimulator";
				SUPPORTS_MACCATALYST = NO;
				SUPPORTS_MAC_DESIGNED_FOR_IPHONE_IPAD = NO;
				SUPPORTS_XR_DESIGNED_FOR_IPHONE_IPAD = NO;
				SWIFT_EMIT_LOC_STRINGS = YES;
				SWIFT_VERSION = 5.0;
				TARGETED_DEVICE_FAMILY = 1;
			};
			name = Debug;
		};
		A1000005294A0000000000555 /* Release */ = {
			isa = XCBuildConfiguration;
			buildSettings = {
				ASSETCATALOG_COMPILER_APPICON_NAME = AppIcon;
				ASSETCATALOG_COMPILER_GLOBAL_ACCENT_COLOR_NAME = AccentColor;
				CODE_SIGN_ENTITLEMENTS = PoopDrop/PoopDrop.entitlements;
				CODE_SIGN_ALLOW_ENTITLEMENTS_MODIFICATION = YES;
				CODE_SIGN_STYLE = Automatic;
				CURRENT_PROJECT_VERSION = 1;
				DEVELOPMENT_ASSET_PATHS = "\"PoopDrop/Preview Content\"";
				DEVELOPMENT_TEAM = UDGYWMMVJS;
				ENABLE_PREVIEWS = YES;
				GENERATE_INFOPLIST_FILE = YES;
				INFOPLIST_FILE = PoopDrop/Info.plist;
				INFOPLIST_KEY_UIApplicationSceneManifest_Generation = YES;
				INFOPLIST_KEY_UIApplicationSupportsIndirectInputEvents = YES;
				INFOPLIST_KEY_UILaunchScreen_Generation = YES;
				INFOPLIST_KEY_UISupportedInterfaceOrientations_iPad = "UIInterfaceOrientationPortrait UIInterfaceOrientationPortraitUpsideDown UIInterfaceOrientationLandscapeLeft UIInterfaceOrientationLandscapeRight";
				INFOPLIST_KEY_UISupportedInterfaceOrientations_iPhone = "UIInterfaceOrientationPortrait UIInterfaceOrientationLandscapeLeft UIInterfaceOrientationLandscapeRight";
				IPHONEOS_DEPLOYMENT_TARGET = 17.0;
				LD_RUNPATH_SEARCH_PATHS = (
					"$(inherited)",
					"@executable_path/Frameworks",
				);
				MARKETING_VERSION = 1.0;
				PRODUCT_BUNDLE_IDENTIFIER = com.thedailypoop.app;
				PRODUCT_NAME = TheDailyPoop;
				SUPPORTED_PLATFORMS = "iphoneos iphonesimulator";
				SUPPORTS_MACCATALYST = NO;
				SUPPORTS_MAC_DESIGNED_FOR_IPHONE_IPAD = NO;
				SUPPORTS_XR_DESIGNED_FOR_IPHONE_IPAD = NO;
				SWIFT_EMIT_LOC_STRINGS = YES;
				SWIFT_VERSION = 5.0;
				TARGETED_DEVICE_FAMILY = 1;
			};
			name = Release;
		};
/* End XCBuildConfiguration section */

/* Begin XCConfigurationList section */
		A1000002294A0000000000666 /* Build configuration list for PBXProject "PoopDrop" */ = {
			isa = XCConfigurationList;
			buildConfigurations = (
				A1000002294A0000000000555 /* Debug */,
				A1000003294A0000000000555 /* Release */,
			);
			defaultConfigurationIsVisible = 0;
			defaultConfigurationName = Release;
		};
		A1000002294A0000000000777 /* Build configuration list for PBXNativeTarget "PoopDrop" */ = {
			isa = XCConfigurationList;
			buildConfigurations = (
				A1000004294A0000000000555 /* Debug */,
				A1000005294A0000000000555 /* Release */,
			);
			defaultConfigurationIsVisible = 0;
			defaultConfigurationName = Release;
		};
/* End XCConfigurationList section */

/* Begin XCRemoteSwiftPackageReference section */
		DCD130932E8B3BCE00F717FC /* XCRemoteSwiftPackageReference "swift-package-manager-google-mobile-ads" */ = {
			isa = XCRemoteSwiftPackageReference;
			repositoryURL = "https://github.com/googleads/swift-package-manager-google-mobile-ads.git";
			requirement = {
				kind = upToNextMajorVersion;
				minimumVersion = 12.11.0;
			};
		};
/* End XCRemoteSwiftPackageReference section */

/* Begin XCSwiftPackageProductDependency section */
		DCD130942E8B3BCE00F717FC /* GoogleMobileAds */ = {
			isa = XCSwiftPackageProductDependency;
			package = DCD130932E8B3BCE00F717FC /* XCRemoteSwiftPackageReference "swift-package-manager-google-mobile-ads" */;
			productName = GoogleMobileAds;
		};
/* End XCSwiftPackageProductDependency section */
	};
	rootObject = A0FFFFFF294A0000000000777 /* Project object */;
}
